// !$*UTF8*$!
{
	archiveVersion = 1;
	classes = {
	};
	objectVersion = 46;
	objects = {

/* Begin PBXAggregateTarget section */
		B8DE11923ABA49CF4EB1A8EB /* Chuginator - All */ = {
			isa = PBXAggregateTarget;
			buildConfigurationList = 5AC0D8FE8BEF2869111D79AA;
			buildPhases = (
			);
			dependencies = (
				4D5B05BE1609BA965AD65982,
				B3BCA2B0826288CFE3D85D04,
				46652F5C38A718839D0D19C4,
				7868986366C4C2645C061521,
			);
			name = "Chuginator - All";
			productName = Chuginator;
		};
/* End PBXAggregateTarget section */

/* Begin PBXBuildFile section */
		0B6B50F45C2DAE1CC87DBDC6 /* include_juce_audio_processors.mm */ = {isa = PBXBuildFile; fileRef = ED986C68ABFAD218AFA46E98; };
		11C8FC9179DEDE14E4D4F806 /* include_juce_audio_basics.mm */ = {isa = PBXBuildFile; fileRef = 463EEC5B4B25BF4D809ED305; };
		1825C3574904F780ECEA2C26 /* QuartzCore.framework */ = {isa = PBXBuildFile; fileRef = 3D5861692CC511218BDF4546; };
		1867FFEC8259FC83EA0B034E /* RecentFilesMenuTemplate.nib */ = {isa = PBXBuildFile; fileRef = B049AE75798B9DC3A7D1D16B; };
		1A85E99EFB66C782B7E478E2 /* EQInternal.cpp */ = {isa = PBXBuildFile; fileRef = CAD639AF4645FAA8942100BC; };
		1B80D28248372E840DEAD38B /* VST3 */ = {isa = PBXBuildFile; fileRef = 55639808300DA87D31F1BAAC; };
		22377D7E5C5A89CD6ADBE315 /* include_juce_audio_formats.mm */ = {isa = PBXBuildFile; fileRef = 93C54FCEC98D3CAB1D71DA8A; };
		231CC8188CEBFE5584F1EF81 /* include_juce_events.mm */ = {isa = PBXBuildFile; fileRef = 8BDD1EB5C6D6B5F6785A98C9; };
		25AA42C60FE36D1E73F5079F /* include_juce_gui_extra.mm */ = {isa = PBXBuildFile; fileRef = 90A5E6D692B808956271AE59; };
		27BA7459EABD52BB8E121102 /* BinaryData.cpp */ = {isa = PBXBuildFile; fileRef = 804D039341CAF891D868AAED; };
		2DC78630DB4F1E03C99A5C38 /* NoiseGateStage.cpp */ = {isa = PBXBuildFile; fileRef = 47077552D34694090A0A5108; };
		30E6A0391E4161C0D02A7718 /* DiscRecording.framework */ = {isa = PBXBuildFile; fileRef = 5BD21A374F4B694805C64B7E; };
		3B3B416A4D6F05E7E595AA6E /* Stage1.cpp */ = {isa = PBXBuildFile; fileRef = F5C9D2BCB81EA73123E9A595; };
		43B9ADB09D2447C60877A29B /* Accelerate.framework */ = {isa = PBXBuildFile; fileRef = ECF78D2C79DE88A28A315668; };
		4A006F0D8515062B3CB8C856 /* include_juce_gui_basics.mm */ = {isa = PBXBuildFile; fileRef = C1DC06341DC35363CC1C3238; };
		4F4C243997AC65A37D70F5AB /* AudioUnit.framework */ = {isa = PBXBuildFile; fileRef = 3B18C90ECD778B54A074B111; };
		562CEE4608906111EDE85AE1 /* IOKit.framework */ = {isa = PBXBuildFile; fileRef = 8C0FA2FA04A5A30BA56D7E73; };
		5EC72B573106C2B27CDB3CF6 /* EQStage.cpp */ = {isa = PBXBuildFile; fileRef = B24A948F0616AD98AEFF97EE; };
		61D051E50C14803F00E4EDDA /* Standalone Plugin */ = {isa = PBXBuildFile; fileRef = 4DF4A13D248C3ACDE35C2597; };
		625B4D95406CF08B394A4FF6 /* Stage2.cpp */ = {isa = PBXBuildFile; fileRef = E465CAFEF4A6103D3BBFA464; };
		674B26EB6C4EE208877BF2D8 /* WebKit.framework */ = {isa = PBXBuildFile; fileRef = 2915AD5AD2DB80B058840766; };
		675599596733C521060E7884 /* include_juce_audio_plugin_client_Standalone.cpp */ = {isa = PBXBuildFile; fileRef = 6B7295B0C7688FF71B790D0F; };
		6D394FD1D97DEE8311B674DC /* include_juce_audio_plugin_client_AU_1.mm */ = {isa = PBXBuildFile; fileRef = FED163E2F9F5D638361D391E; };
		6F78B0D23E3FFDF898E8E3AA /* include_juce_audio_processors_ara.cpp */ = {isa = PBXBuildFile; fileRef = 1366F541B3DD026ED1D2C916; };
		7104E11AE57CA037AC445B3D /* include_juce_audio_plugin_client_ARA.cpp */ = {isa = PBXBuildFile; fileRef = 2A9282EDF6ED9DE977DEB6FC; };
		79EE385D82F2493A96C88A85 /* Cocoa.framework */ = {isa = PBXBuildFile; fileRef = 1FE506037DE4130EEAF55548; };
		7AB705EC4DA5F41C2DB99306 /* AU */ = {isa = PBXBuildFile; fileRef = A0CF5B0075A70969D0F49D07; };
		836E888E316A96CE6F849E33 /* include_juce_audio_processors_lv2_libs.cpp */ = {isa = PBXBuildFile; fileRef = 1428900611D3194F40CA35A0; };
		85794009DC5017A21E59C8F0 /* include_juce_audio_devices.mm */ = {isa = PBXBuildFile; fileRef = 9B019AC42527DCCFB1750C06; };
		8E3A70A29F5D851E9AE02DE0 /* include_juce_audio_utils.mm */ = {isa = PBXBuildFile; fileRef = 06996AA5275EE5D781CDCD64; };
		9E13A1E2402E0F2E1913F1DC /* Shared Code */ = {isa = PBXBuildFile; fileRef = 593D7E3FD0173C8FA2A52B1A; };
		A3F03A8B3765404ED90BE95E /* Foundation.framework */ = {isa = PBXBuildFile; fileRef = CC43D242FF589E15A3573FE9; };
		A91B464BC8E606B953D23B69 /* include_juce_data_structures.mm */ = {isa = PBXBuildFile; fileRef = 10AF06E9C1F50B586AA7E440; };
		AD6BCA287DD54BF0D3BCADB2 /* PluginProcessor.cpp */ = {isa = PBXBuildFile; fileRef = FBA1774C1EA787E71EE7C453; };
		B6B9F165A50333D4948B144A /* include_juce_graphics.mm */ = {isa = PBXBuildFile; fileRef = D225396F55A3163083A3CD93; };
		BAF1B6AF97749A2A067289C2 /* CoreMIDI.framework */ = {isa = PBXBuildFile; fileRef = 974F824C95EA627257616F1E; };
		C1BBF678CDE0A14181FDB7EC /* include_juce_dsp.mm */ = {isa = PBXBuildFile; fileRef = 73FCCCB755CAEAE073A758F6; };
		C31F7D8CF3F9F3FB36A5340F /* CoreAudioKit.framework */ = {isa = PBXBuildFile; fileRef = 9A67842F3ACFE43199CA407E; };
		C3B4308AFB9DFC65958C1633 /* include_juce_audio_plugin_client_VST3.cpp */ = {isa = PBXBuildFile; fileRef = DE070477F3174D492BAC7C19; };
		C4DE85F359D1D0FFF0E047FE /* BoostStage.cpp */ = {isa = PBXBuildFile; fileRef = 350A2A142FA460DF35EB1C33; };
		C6BCB984C5741AA089E71747 /* Compressor.cpp */ = {isa = PBXBuildFile; fileRef = 5860CE9627C53E03C2EE0149; };
		C744459BCEEB1BB376F44882 /* CoreAudio.framework */ = {isa = PBXBuildFile; fileRef = 8E5E9CEFED81E39013AB179F; };
		CA5E9358D33A408F894131D9 /* include_juce_audio_plugin_client_VST_utils.mm */ = {isa = PBXBuildFile; fileRef = 10610BD43CD20175733FE31E; };
		D08D43C0368AC81145A6C148 /* include_juce_core.mm */ = {isa = PBXBuildFile; fileRef = 73FDA86B1937FA1C94C82F4D; };
		D6A4DB642777AF0FB7F3170B /* include_juce_audio_plugin_client_utils.cpp */ = {isa = PBXBuildFile; fileRef = 454922EC544A7E5F8F4973B0; };
		D8040215967A6BE79044E55A /* include_juce_audio_plugin_client_AU_2.mm */ = {isa = PBXBuildFile; fileRef = B72EEED4AA303932BAD52F7B; };
		E1687379F147DA4E453CE2AE /* Stage3.cpp */ = {isa = PBXBuildFile; fileRef = F70223F21F6BD9CEE0C19185; };
		EB0382B30120C08E67AF550E /* AudioToolbox.framework */ = {isa = PBXBuildFile; fileRef = 5C2A26E2EBC17A4848395A92; };
		F57BFFF473ADA8E2458C2496 /* PluginEditor.cpp */ = {isa = PBXBuildFile; fileRef = DE7E5FBAB5A19C2D3CB79344; };
/* End PBXBuildFile section */

/* Begin PBXFileReference section */
		030668EA38A1AB4909E5E7A1 /* BinaryData.h */ /* BinaryData.h */ = {isa = PBXFileReference; lastKnownFileType = sourcecode.c.h; name = BinaryData.h; path = ../../JuceLibraryCode/BinaryData.h; sourceTree = SOURCE_ROOT; };
		0476F20F5299D2E4DE798DBD /* juce_data_structures */ /* juce_data_structures */ = {isa = PBXFileReference; lastKnownFileType = folder; name = juce_data_structures; path = /Applications/JUCE/modules/juce_data_structures; sourceTree = "<absolute>"; };
		06996AA5275EE5D781CDCD64 /* include_juce_audio_utils.mm */ /* include_juce_audio_utils.mm */ = {isa = PBXFileReference; lastKnownFileType = sourcecode.cpp.objcpp; name = include_juce_audio_utils.mm; path = ../../JuceLibraryCode/include_juce_audio_utils.mm; sourceTree = SOURCE_ROOT; };
		07C731A0D58061A8F1BBCB83 /* NoiseGateStage.h */ /* NoiseGateStage.h */ = {isa = PBXFileReference; lastKnownFileType = sourcecode.c.h; name = NoiseGateStage.h; path = ../../Source/NoiseGateStage.h; sourceTree = SOURCE_ROOT; };
		10610BD43CD20175733FE31E /* include_juce_audio_plugin_client_VST_utils.mm */ /* include_juce_audio_plugin_client_VST_utils.mm */ = {isa = PBXFileReference; lastKnownFileType = sourcecode.cpp.objcpp; name = include_juce_audio_plugin_client_VST_utils.mm; path = ../../JuceLibraryCode/include_juce_audio_plugin_client_VST_utils.mm; sourceTree = SOURCE_ROOT; };
		10AF06E9C1F50B586AA7E440 /* include_juce_data_structures.mm */ /* include_juce_data_structures.mm */ = {isa = PBXFileReference; lastKnownFileType = sourcecode.cpp.objcpp; name = include_juce_data_structures.mm; path = ../../JuceLibraryCode/include_juce_data_structures.mm; sourceTree = SOURCE_ROOT; };
		1366F541B3DD026ED1D2C916 /* include_juce_audio_processors_ara.cpp */ /* include_juce_audio_processors_ara.cpp */ = {isa = PBXFileReference; lastKnownFileType = sourcecode.cpp.cpp; name = include_juce_audio_processors_ara.cpp; path = ../../JuceLibraryCode/include_juce_audio_processors_ara.cpp; sourceTree = SOURCE_ROOT; };
		1428900611D3194F40CA35A0 /* include_juce_audio_processors_lv2_libs.cpp */ /* include_juce_audio_processors_lv2_libs.cpp */ = {isa = PBXFileReference; lastKnownFileType = sourcecode.cpp.cpp; name = include_juce_audio_processors_lv2_libs.cpp; path = ../../JuceLibraryCode/include_juce_audio_processors_lv2_libs.cpp; sourceTree = SOURCE_ROOT; };
		1734731AB0060371CE42DCED /* EQStage.h */ /* EQStage.h */ = {isa = PBXFileReference; lastKnownFileType = sourcecode.c.h; name = EQStage.h; path = ../../Source/EQStage.h; sourceTree = SOURCE_ROOT; };
		1FE506037DE4130EEAF55548 /* Cocoa.framework */ /* Cocoa.framework */ = {isa = PBXFileReference; lastKnownFileType = wrapper.framework; name = Cocoa.framework; path = System/Library/Frameworks/Cocoa.framework; sourceTree = SDKROOT; };
		2915AD5AD2DB80B058840766 /* WebKit.framework */ /* WebKit.framework */ = {isa = PBXFileReference; lastKnownFileType = wrapper.framework; name = WebKit.framework; path = System/Library/Frameworks/WebKit.framework; sourceTree = SDKROOT; };
		2A9282EDF6ED9DE977DEB6FC /* include_juce_audio_plugin_client_ARA.cpp */ /* include_juce_audio_plugin_client_ARA.cpp */ = {isa = PBXFileReference; lastKnownFileType = sourcecode.cpp.cpp; name = include_juce_audio_plugin_client_ARA.cpp; path = ../../JuceLibraryCode/include_juce_audio_plugin_client_ARA.cpp; sourceTree = SOURCE_ROOT; };
		30E21CE5A6587E447FDF2894 /* juce_audio_plugin_client */ /* juce_audio_plugin_client */ = {isa = PBXFileReference; lastKnownFileType = folder; name = juce_audio_plugin_client; path = /Applications/JUCE/modules/juce_audio_plugin_client; sourceTree = "<absolute>"; };
		350A2A142FA460DF35EB1C33 /* BoostStage.cpp */ /* BoostStage.cpp */ = {isa = PBXFileReference; lastKnownFileType = sourcecode.cpp.cpp; name = BoostStage.cpp; path = ../../Source/BoostStage.cpp; sourceTree = SOURCE_ROOT; };
		3B18C90ECD778B54A074B111 /* AudioUnit.framework */ /* AudioUnit.framework */ = {isa = PBXFileReference; lastKnownFileType = wrapper.framework; name = AudioUnit.framework; path = System/Library/Frameworks/AudioUnit.framework; sourceTree = SDKROOT; };
		3C5F70143C7D60B97421379B /* Stage1.h */ /* Stage1.h */ = {isa = PBXFileReference; lastKnownFileType = sourcecode.c.h; name = Stage1.h; path = ../../Source/Stage1.h; sourceTree = SOURCE_ROOT; };
		3D5861692CC511218BDF4546 /* QuartzCore.framework */ /* QuartzCore.framework */ = {isa = PBXFileReference; lastKnownFileType = wrapper.framework; name = QuartzCore.framework; path = System/Library/Frameworks/QuartzCore.framework; sourceTree = SDKROOT; };
		454922EC544A7E5F8F4973B0 /* include_juce_audio_plugin_client_utils.cpp */ /* include_juce_audio_plugin_client_utils.cpp */ = {isa = PBXFileReference; lastKnownFileType = sourcecode.cpp.cpp; name = include_juce_audio_plugin_client_utils.cpp; path = ../../JuceLibraryCode/include_juce_audio_plugin_client_utils.cpp; sourceTree = SOURCE_ROOT; };
		463EEC5B4B25BF4D809ED305 /* include_juce_audio_basics.mm */ /* include_juce_audio_basics.mm */ = {isa = PBXFileReference; lastKnownFileType = sourcecode.cpp.objcpp; name = include_juce_audio_basics.mm; path = ../../JuceLibraryCode/include_juce_audio_basics.mm; sourceTree = SOURCE_ROOT; };
		47077552D34694090A0A5108 /* NoiseGateStage.cpp */ /* NoiseGateStage.cpp */ = {isa = PBXFileReference; lastKnownFileType = sourcecode.cpp.cpp; name = NoiseGateStage.cpp; path = ../../Source/NoiseGateStage.cpp; sourceTree = SOURCE_ROOT; };
		48E781BF9C76517E1B378880 /* _Logos_Final2_alpha.png */ /* _Logos_Final2_alpha.png */ = {isa = PBXFileReference; lastKnownFileType = image.png; name = _Logos_Final2_alpha.png; path = ../../../../../_MUSIC_/_Logos/_Logos_Final2_alpha.png; sourceTree = SOURCE_ROOT; };
		49405428DB7A1CA7980894A7 /* juce_gui_extra */ /* juce_gui_extra */ = {isa = PBXFileReference; lastKnownFileType = folder; name = juce_gui_extra; path = /Applications/JUCE/modules/juce_gui_extra; sourceTree = "<absolute>"; };
		4C87ACA8BA981CAB955A189B /* EQInternal.h */ /* EQInternal.h */ = {isa = PBXFileReference; lastKnownFileType = sourcecode.c.h; name = EQInternal.h; path = ../../Source/EQInternal.h; sourceTree = SOURCE_ROOT; };
		4DF4A13D248C3ACDE35C2597 /* Standalone Plugin */ = {isa = PBXFileReference; explicitFileType = wrapper.application; includeInIndex = 0; path = Chuginator.app; sourceTree = BUILT_PRODUCTS_DIR; };
		55639808300DA87D31F1BAAC /* VST3 */ = {isa = PBXFileReference; explicitFileType = wrapper.cfbundle; includeInIndex = 0; path = Chuginator.vst3; sourceTree = BUILT_PRODUCTS_DIR; };
		5860CE9627C53E03C2EE0149 /* Compressor.cpp */ /* Compressor.cpp */ = {isa = PBXFileReference; lastKnownFileType = sourcecode.cpp.cpp; name = Compressor.cpp; path = ../../Source/Compressor.cpp; sourceTree = SOURCE_ROOT; };
		593D7E3FD0173C8FA2A52B1A /* Shared Code */ = {isa = PBXFileReference; explicitFileType = archive.ar; includeInIndex = 0; path = libChuginator.a; sourceTree = BUILT_PRODUCTS_DIR; };
		5BD21A374F4B694805C64B7E /* DiscRecording.framework */ /* DiscRecording.framework */ = {isa = PBXFileReference; lastKnownFileType = wrapper.framework; name = DiscRecording.framework; path = System/Library/Frameworks/DiscRecording.framework; sourceTree = SDKROOT; };
		5C2A26E2EBC17A4848395A92 /* AudioToolbox.framework */ /* AudioToolbox.framework */ = {isa = PBXFileReference; lastKnownFileType = wrapper.framework; name = AudioToolbox.framework; path = System/Library/Frameworks/AudioToolbox.framework; sourceTree = SDKROOT; };
		679A55D6C206397500F01E48 /* Stage3.h */ /* Stage3.h */ = {isa = PBXFileReference; lastKnownFileType = sourcecode.c.h; name = Stage3.h; path = ../../Source/Stage3.h; sourceTree = SOURCE_ROOT; };
		6B7295B0C7688FF71B790D0F /* include_juce_audio_plugin_client_Standalone.cpp */ /* include_juce_audio_plugin_client_Standalone.cpp */ = {isa = PBXFileReference; lastKnownFileType = sourcecode.cpp.cpp; name = include_juce_audio_plugin_client_Standalone.cpp; path = ../../JuceLibraryCode/include_juce_audio_plugin_client_Standalone.cpp; sourceTree = SOURCE_ROOT; };
		6F9B5DF496D29F71C36A3A63 /* PluginProcessor.h */ /* PluginProcessor.h */ = {isa = PBXFileReference; lastKnownFileType = sourcecode.c.h; name = PluginProcessor.h; path = ../../Source/PluginProcessor.h; sourceTree = SOURCE_ROOT; };
		73FCCCB755CAEAE073A758F6 /* include_juce_dsp.mm */ /* include_juce_dsp.mm */ = {isa = PBXFileReference; lastKnownFileType = sourcecode.cpp.objcpp; name = include_juce_dsp.mm; path = ../../JuceLibraryCode/include_juce_dsp.mm; sourceTree = SOURCE_ROOT; };
		73FDA86B1937FA1C94C82F4D /* include_juce_core.mm */ /* include_juce_core.mm */ = {isa = PBXFileReference; lastKnownFileType = sourcecode.cpp.objcpp; name = include_juce_core.mm; path = ../../JuceLibraryCode/include_juce_core.mm; sourceTree = SOURCE_ROOT; };
		749305AEEE176B8702DF0DCA /* juce_audio_processors */ /* juce_audio_processors */ = {isa = PBXFileReference; lastKnownFileType = folder; name = juce_audio_processors; path = /Applications/JUCE/modules/juce_audio_processors; sourceTree = "<absolute>"; };
		7D67A982129104C479D7C90E /* PluginEditor.h */ /* PluginEditor.h */ = {isa = PBXFileReference; lastKnownFileType = sourcecode.c.h; name = PluginEditor.h; path = ../../Source/PluginEditor.h; sourceTree = SOURCE_ROOT; };
		7E30D1A65560ABDB5A10EF91 /* Info-Standalone_Plugin.plist */ /* Info-Standalone_Plugin.plist */ = {isa = PBXFileReference; lastKnownFileType = text.plist.xml; name = "Info-Standalone_Plugin.plist"; path = "Info-Standalone_Plugin.plist"; sourceTree = SOURCE_ROOT; };
		7FCCAC8A73BDCE61D66B7850 /* juce_audio_utils */ /* juce_audio_utils */ = {isa = PBXFileReference; lastKnownFileType = folder; name = juce_audio_utils; path = /Applications/JUCE/modules/juce_audio_utils; sourceTree = "<absolute>"; };
		804D039341CAF891D868AAED /* BinaryData.cpp */ /* BinaryData.cpp */ = {isa = PBXFileReference; lastKnownFileType = sourcecode.cpp.cpp; name = BinaryData.cpp; path = ../../JuceLibraryCode/BinaryData.cpp; sourceTree = SOURCE_ROOT; };
		89B10A2A912E1C5729B3E2FC /* Info-VST3.plist */ /* Info-VST3.plist */ = {isa = PBXFileReference; lastKnownFileType = text.plist.xml; name = "Info-VST3.plist"; path = "Info-VST3.plist"; sourceTree = SOURCE_ROOT; };
		8BDD1EB5C6D6B5F6785A98C9 /* include_juce_events.mm */ /* include_juce_events.mm */ = {isa = PBXFileReference; lastKnownFileType = sourcecode.cpp.objcpp; name = include_juce_events.mm; path = ../../JuceLibraryCode/include_juce_events.mm; sourceTree = SOURCE_ROOT; };
		8C0FA2FA04A5A30BA56D7E73 /* IOKit.framework */ /* IOKit.framework */ = {isa = PBXFileReference; lastKnownFileType = wrapper.framework; name = IOKit.framework; path = System/Library/Frameworks/IOKit.framework; sourceTree = SDKROOT; };
		8E5E9CEFED81E39013AB179F /* CoreAudio.framework */ /* CoreAudio.framework */ = {isa = PBXFileReference; lastKnownFileType = wrapper.framework; name = CoreAudio.framework; path = System/Library/Frameworks/CoreAudio.framework; sourceTree = SDKROOT; };
		90A5E6D692B808956271AE59 /* include_juce_gui_extra.mm */ /* include_juce_gui_extra.mm */ = {isa = PBXFileReference; lastKnownFileType = sourcecode.cpp.objcpp; name = include_juce_gui_extra.mm; path = ../../JuceLibraryCode/include_juce_gui_extra.mm; sourceTree = SOURCE_ROOT; };
		91B380FDE445976F13725A56 /* juce_audio_basics */ /* juce_audio_basics */ = {isa = PBXFileReference; lastKnownFileType = folder; name = juce_audio_basics; path = /Applications/JUCE/modules/juce_audio_basics; sourceTree = "<absolute>"; };
		93C54FCEC98D3CAB1D71DA8A /* include_juce_audio_formats.mm */ /* include_juce_audio_formats.mm */ = {isa = PBXFileReference; lastKnownFileType = sourcecode.cpp.objcpp; name = include_juce_audio_formats.mm; path = ../../JuceLibraryCode/include_juce_audio_formats.mm; sourceTree = SOURCE_ROOT; };
		9470296C6151F33C1C93E88F /* juce_gui_basics */ /* juce_gui_basics */ = {isa = PBXFileReference; lastKnownFileType = folder; name = juce_gui_basics; path = /Applications/JUCE/modules/juce_gui_basics; sourceTree = "<absolute>"; };
		974F824C95EA627257616F1E /* CoreMIDI.framework */ /* CoreMIDI.framework */ = {isa = PBXFileReference; lastKnownFileType = wrapper.framework; name = CoreMIDI.framework; path = System/Library/Frameworks/CoreMIDI.framework; sourceTree = SDKROOT; };
		9A67842F3ACFE43199CA407E /* CoreAudioKit.framework */ /* CoreAudioKit.framework */ = {isa = PBXFileReference; lastKnownFileType = wrapper.framework; name = CoreAudioKit.framework; path = System/Library/Frameworks/CoreAudioKit.framework; sourceTree = SDKROOT; };
		9B019AC42527DCCFB1750C06 /* include_juce_audio_devices.mm */ /* include_juce_audio_devices.mm */ = {isa = PBXFileReference; lastKnownFileType = sourcecode.cpp.objcpp; name = include_juce_audio_devices.mm; path = ../../JuceLibraryCode/include_juce_audio_devices.mm; sourceTree = SOURCE_ROOT; };
		9C34CAD88BA987AC8B6BA80F /* juce_core */ /* juce_core */ = {isa = PBXFileReference; lastKnownFileType = folder; name = juce_core; path = /Applications/JUCE/modules/juce_core; sourceTree = "<absolute>"; };
		9EEBBEA0ABE20A8215009072 /* juce_events */ /* juce_events */ = {isa = PBXFileReference; lastKnownFileType = folder; name = juce_events; path = /Applications/JUCE/modules/juce_events; sourceTree = "<absolute>"; };
		A0CF5B0075A70969D0F49D07 /* AU */ = {isa = PBXFileReference; explicitFileType = wrapper.cfbundle; includeInIndex = 0; path = Chuginator.component; sourceTree = BUILT_PRODUCTS_DIR; };
		A7AC73313E8969F4B171036D /* JuceHeader.h */ /* JuceHeader.h */ = {isa = PBXFileReference; lastKnownFileType = sourcecode.c.h; name = JuceHeader.h; path = ../../JuceLibraryCode/JuceHeader.h; sourceTree = SOURCE_ROOT; };
		A94C20B840FDA9518A12FA56 /* juce_audio_devices */ /* juce_audio_devices */ = {isa = PBXFileReference; lastKnownFileType = folder; name = juce_audio_devices; path = /Applications/JUCE/modules/juce_audio_devices; sourceTree = "<absolute>"; };
		B049AE75798B9DC3A7D1D16B /* RecentFilesMenuTemplate.nib */ /* RecentFilesMenuTemplate.nib */ = {isa = PBXFileReference; lastKnownFileType = file.nib; name = RecentFilesMenuTemplate.nib; path = RecentFilesMenuTemplate.nib; sourceTree = SOURCE_ROOT; };
		B13EB30CA9D47467A5948315 /* Stage2.h */ /* Stage2.h */ = {isa = PBXFileReference; lastKnownFileType = sourcecode.c.h; name = Stage2.h; path = ../../Source/Stage2.h; sourceTree = SOURCE_ROOT; };
		B24A948F0616AD98AEFF97EE /* EQStage.cpp */ /* EQStage.cpp */ = {isa = PBXFileReference; lastKnownFileType = sourcecode.cpp.cpp; name = EQStage.cpp; path = ../../Source/EQStage.cpp; sourceTree = SOURCE_ROOT; };
		B3FC5C0EF347A66973FB93F9 /* juce_dsp */ /* juce_dsp */ = {isa = PBXFileReference; lastKnownFileType = folder; name = juce_dsp; path = /Applications/JUCE/modules/juce_dsp; sourceTree = "<absolute>"; };
		B5CEF693E8327FBA4C1A35A4 /* Info-AU.plist */ /* Info-AU.plist */ = {isa = PBXFileReference; lastKnownFileType = text.plist.xml; name = "Info-AU.plist"; path = "Info-AU.plist"; sourceTree = SOURCE_ROOT; };
		B72EEED4AA303932BAD52F7B /* include_juce_audio_plugin_client_AU_2.mm */ /* include_juce_audio_plugin_client_AU_2.mm */ = {isa = PBXFileReference; lastKnownFileType = sourcecode.cpp.objcpp; name = include_juce_audio_plugin_client_AU_2.mm; path = ../../JuceLibraryCode/include_juce_audio_plugin_client_AU_2.mm; sourceTree = SOURCE_ROOT; };
		B7F0B736D3A59785A4A28E14 /* BoostStage.h */ /* BoostStage.h */ = {isa = PBXFileReference; lastKnownFileType = sourcecode.c.h; name = BoostStage.h; path = ../../Source/BoostStage.h; sourceTree = SOURCE_ROOT; };
		C1DC06341DC35363CC1C3238 /* include_juce_gui_basics.mm */ /* include_juce_gui_basics.mm */ = {isa = PBXFileReference; lastKnownFileType = sourcecode.cpp.objcpp; name = include_juce_gui_basics.mm; path = ../../JuceLibraryCode/include_juce_gui_basics.mm; sourceTree = SOURCE_ROOT; };
		C7E7DE080F7FB5B8BE9ED7A4 /* juce_audio_formats */ /* juce_audio_formats */ = {isa = PBXFileReference; lastKnownFileType = folder; name = juce_audio_formats; path = /Applications/JUCE/modules/juce_audio_formats; sourceTree = "<absolute>"; };
		CAD639AF4645FAA8942100BC /* EQInternal.cpp */ /* EQInternal.cpp */ = {isa = PBXFileReference; lastKnownFileType = sourcecode.cpp.cpp; name = EQInternal.cpp; path = ../../Source/EQInternal.cpp; sourceTree = SOURCE_ROOT; };
		CC43D242FF589E15A3573FE9 /* Foundation.framework */ /* Foundation.framework */ = {isa = PBXFileReference; lastKnownFileType = wrapper.framework; name = Foundation.framework; path = System/Library/Frameworks/Foundation.framework; sourceTree = SDKROOT; };
		D225396F55A3163083A3CD93 /* include_juce_graphics.mm */ /* include_juce_graphics.mm */ = {isa = PBXFileReference; lastKnownFileType = sourcecode.cpp.objcpp; name = include_juce_graphics.mm; path = ../../JuceLibraryCode/include_juce_graphics.mm; sourceTree = SOURCE_ROOT; };
		DA39E4D203D116B10F896047 /* juce_graphics */ /* juce_graphics */ = {isa = PBXFileReference; lastKnownFileType = folder; name = juce_graphics; path = /Applications/JUCE/modules/juce_graphics; sourceTree = "<absolute>"; };
		DE070477F3174D492BAC7C19 /* include_juce_audio_plugin_client_VST3.cpp */ /* include_juce_audio_plugin_client_VST3.cpp */ = {isa = PBXFileReference; lastKnownFileType = sourcecode.cpp.cpp; name = include_juce_audio_plugin_client_VST3.cpp; path = ../../JuceLibraryCode/include_juce_audio_plugin_client_VST3.cpp; sourceTree = SOURCE_ROOT; };
		DE7E5FBAB5A19C2D3CB79344 /* PluginEditor.cpp */ /* PluginEditor.cpp */ = {isa = PBXFileReference; lastKnownFileType = sourcecode.cpp.cpp; name = PluginEditor.cpp; path = ../../Source/PluginEditor.cpp; sourceTree = SOURCE_ROOT; };
		E465CAFEF4A6103D3BBFA464 /* Stage2.cpp */ /* Stage2.cpp */ = {isa = PBXFileReference; lastKnownFileType = sourcecode.cpp.cpp; name = Stage2.cpp; path = ../../Source/Stage2.cpp; sourceTree = SOURCE_ROOT; };
		ECF78D2C79DE88A28A315668 /* Accelerate.framework */ /* Accelerate.framework */ = {isa = PBXFileReference; lastKnownFileType = wrapper.framework; name = Accelerate.framework; path = System/Library/Frameworks/Accelerate.framework; sourceTree = SDKROOT; };
		ED986C68ABFAD218AFA46E98 /* include_juce_audio_processors.mm */ /* include_juce_audio_processors.mm */ = {isa = PBXFileReference; lastKnownFileType = sourcecode.cpp.objcpp; name = include_juce_audio_processors.mm; path = ../../JuceLibraryCode/include_juce_audio_processors.mm; sourceTree = SOURCE_ROOT; };
		F5C9D2BCB81EA73123E9A595 /* Stage1.cpp */ /* Stage1.cpp */ = {isa = PBXFileReference; lastKnownFileType = sourcecode.cpp.cpp; name = Stage1.cpp; path = ../../Source/Stage1.cpp; sourceTree = SOURCE_ROOT; };
		F6683D754B225F1A1F6A3F54 /* JucePluginDefines.h */ /* JucePluginDefines.h */ = {isa = PBXFileReference; lastKnownFileType = sourcecode.c.h; name = JucePluginDefines.h; path = ../../JuceLibraryCode/JucePluginDefines.h; sourceTree = SOURCE_ROOT; };
		F70223F21F6BD9CEE0C19185 /* Stage3.cpp */ /* Stage3.cpp */ = {isa = PBXFileReference; lastKnownFileType = sourcecode.cpp.cpp; name = Stage3.cpp; path = ../../Source/Stage3.cpp; sourceTree = SOURCE_ROOT; };
		FBA1774C1EA787E71EE7C453 /* PluginProcessor.cpp */ /* PluginProcessor.cpp */ = {isa = PBXFileReference; lastKnownFileType = sourcecode.cpp.cpp; name = PluginProcessor.cpp; path = ../../Source/PluginProcessor.cpp; sourceTree = SOURCE_ROOT; };
		FD78735F94073CEDA80B7D53 /* Compressor.h */ /* Compressor.h */ = {isa = PBXFileReference; lastKnownFileType = sourcecode.c.h; name = Compressor.h; path = ../../Source/Compressor.h; sourceTree = SOURCE_ROOT; };
		FED163E2F9F5D638361D391E /* include_juce_audio_plugin_client_AU_1.mm */ /* include_juce_audio_plugin_client_AU_1.mm */ = {isa = PBXFileReference; lastKnownFileType = sourcecode.cpp.objcpp; name = include_juce_audio_plugin_client_AU_1.mm; path = ../../JuceLibraryCode/include_juce_audio_plugin_client_AU_1.mm; sourceTree = SOURCE_ROOT; };
/* End PBXFileReference section */

/* Begin PBXFrameworksBuildPhase section */
		0042A480D84A90A2EB7BB197 = {
			isa = PBXFrameworksBuildPhase;
			buildActionMask = 2147483647;
			files = (
				4F4C243997AC65A37D70F5AB,
				43B9ADB09D2447C60877A29B,
				EB0382B30120C08E67AF550E,
				79EE385D82F2493A96C88A85,
				C744459BCEEB1BB376F44882,
				C31F7D8CF3F9F3FB36A5340F,
				BAF1B6AF97749A2A067289C2,
				30E6A0391E4161C0D02A7718,
				A3F03A8B3765404ED90BE95E,
				562CEE4608906111EDE85AE1,
				1825C3574904F780ECEA2C26,
				674B26EB6C4EE208877BF2D8,
			);
			runOnlyForDeploymentPostprocessing = 0;
		};
		81AC45676E6920022BBAD640 = {
			isa = PBXFrameworksBuildPhase;
			buildActionMask = 2147483647;
			files = (
				43B9ADB09D2447C60877A29B,
				EB0382B30120C08E67AF550E,
				79EE385D82F2493A96C88A85,
				C744459BCEEB1BB376F44882,
				C31F7D8CF3F9F3FB36A5340F,
				BAF1B6AF97749A2A067289C2,
				30E6A0391E4161C0D02A7718,
				A3F03A8B3765404ED90BE95E,
				562CEE4608906111EDE85AE1,
				1825C3574904F780ECEA2C26,
				674B26EB6C4EE208877BF2D8,
			);
			runOnlyForDeploymentPostprocessing = 0;
		};
		FCA42608ED0E44073077BA9B = {
			isa = PBXFrameworksBuildPhase;
			buildActionMask = 2147483647;
			files = (
				43B9ADB09D2447C60877A29B,
				EB0382B30120C08E67AF550E,
				79EE385D82F2493A96C88A85,
				C744459BCEEB1BB376F44882,
				C31F7D8CF3F9F3FB36A5340F,
				BAF1B6AF97749A2A067289C2,
				30E6A0391E4161C0D02A7718,
				A3F03A8B3765404ED90BE95E,
				562CEE4608906111EDE85AE1,
				1825C3574904F780ECEA2C26,
				674B26EB6C4EE208877BF2D8,
			);
			runOnlyForDeploymentPostprocessing = 0;
		};
/* End PBXFrameworksBuildPhase section */

/* Begin PBXGroup section */
		267E08B0C7CC694F8BB8D71A /* Products */ = {
			isa = PBXGroup;
			children = (
				55639808300DA87D31F1BAAC,
				A0CF5B0075A70969D0F49D07,
				4DF4A13D248C3ACDE35C2597,
				593D7E3FD0173C8FA2A52B1A,
			);
			name = Products;
			sourceTree = "<group>";
		};
		5668A50F597E68BCC0A8472A /* Source */ = {
			isa = PBXGroup;
			children = (
				C57F9EF644571E691DC904B6,
				9D3413F8C2E3DC8C0AB53A6E,
				EE87A710235582B961C25668,
				DB30BDEA5607D4E0D092CBAF,
				5D4E9F3D2C07FA52A4DA2B5A,
				267E08B0C7CC694F8BB8D71A,
			);
			name = Source;
			sourceTree = "<group>";
		};
		5D4E9F3D2C07FA52A4DA2B5A /* Frameworks */ = {
			isa = PBXGroup;
			children = (
				3B18C90ECD778B54A074B111,
				ECF78D2C79DE88A28A315668,
				5C2A26E2EBC17A4848395A92,
				1FE506037DE4130EEAF55548,
				8E5E9CEFED81E39013AB179F,
				9A67842F3ACFE43199CA407E,
				974F824C95EA627257616F1E,
				5BD21A374F4B694805C64B7E,
				CC43D242FF589E15A3573FE9,
				8C0FA2FA04A5A30BA56D7E73,
				3D5861692CC511218BDF4546,
				2915AD5AD2DB80B058840766,
			);
			name = Frameworks;
			sourceTree = "<group>";
		};
		78E921E5FEAAB9955A4BDD94 /* Source */ = {
			isa = PBXGroup;
			children = (
				A6F5C35BB0DD5E89DB8CFCA5,
				350A2A142FA460DF35EB1C33,
				B7F0B736D3A59785A4A28E14,
				5860CE9627C53E03C2EE0149,
				FD78735F94073CEDA80B7D53,
				CAD639AF4645FAA8942100BC,
				4C87ACA8BA981CAB955A189B,
				47077552D34694090A0A5108,
				07C731A0D58061A8F1BBCB83,
				B24A948F0616AD98AEFF97EE,
				1734731AB0060371CE42DCED,
				F70223F21F6BD9CEE0C19185,
				679A55D6C206397500F01E48,
				E465CAFEF4A6103D3BBFA464,
				B13EB30CA9D47467A5948315,
				F5C9D2BCB81EA73123E9A595,
				3C5F70143C7D60B97421379B,
				FBA1774C1EA787E71EE7C453,
				6F9B5DF496D29F71C36A3A63,
				DE7E5FBAB5A19C2D3CB79344,
				7D67A982129104C479D7C90E,
			);
			name = Source;
			sourceTree = "<group>";
		};
		9D3413F8C2E3DC8C0AB53A6E /* JUCE Modules */ = {
			isa = PBXGroup;
			children = (
				91B380FDE445976F13725A56,
				A94C20B840FDA9518A12FA56,
				C7E7DE080F7FB5B8BE9ED7A4,
				30E21CE5A6587E447FDF2894,
				749305AEEE176B8702DF0DCA,
				7FCCAC8A73BDCE61D66B7850,
				9C34CAD88BA987AC8B6BA80F,
				0476F20F5299D2E4DE798DBD,
				B3FC5C0EF347A66973FB93F9,
				9EEBBEA0ABE20A8215009072,
				DA39E4D203D116B10F896047,
				9470296C6151F33C1C93E88F,
				49405428DB7A1CA7980894A7,
			);
			name = "JUCE Modules";
			sourceTree = "<group>";
		};
		A6F5C35BB0DD5E89DB8CFCA5 /* Assets */ = {
			isa = PBXGroup;
			children = (
				48E781BF9C76517E1B378880,
			);
			name = Assets;
			sourceTree = "<group>";
		};
		C57F9EF644571E691DC904B6 /* Chuginator */ = {
			isa = PBXGroup;
			children = (
				78E921E5FEAAB9955A4BDD94,
			);
			name = Chuginator;
			sourceTree = "<group>";
		};
		DB30BDEA5607D4E0D092CBAF /* Resources */ = {
			isa = PBXGroup;
			children = (
				89B10A2A912E1C5729B3E2FC,
				B5CEF693E8327FBA4C1A35A4,
				7E30D1A65560ABDB5A10EF91,
				B049AE75798B9DC3A7D1D16B,
			);
			name = Resources;
			sourceTree = "<group>";
		};
		EE87A710235582B961C25668 /* JUCE Library Code */ = {
			isa = PBXGroup;
			children = (
				804D039341CAF891D868AAED,
				030668EA38A1AB4909E5E7A1,
				463EEC5B4B25BF4D809ED305,
				9B019AC42527DCCFB1750C06,
				93C54FCEC98D3CAB1D71DA8A,
				2A9282EDF6ED9DE977DEB6FC,
				FED163E2F9F5D638361D391E,
				B72EEED4AA303932BAD52F7B,
				6B7295B0C7688FF71B790D0F,
				454922EC544A7E5F8F4973B0,
				10610BD43CD20175733FE31E,
				DE070477F3174D492BAC7C19,
				ED986C68ABFAD218AFA46E98,
				1366F541B3DD026ED1D2C916,
				1428900611D3194F40CA35A0,
				06996AA5275EE5D781CDCD64,
				73FDA86B1937FA1C94C82F4D,
				10AF06E9C1F50B586AA7E440,
				73FCCCB755CAEAE073A758F6,
				8BDD1EB5C6D6B5F6785A98C9,
				D225396F55A3163083A3CD93,
				C1DC06341DC35363CC1C3238,
				90A5E6D692B808956271AE59,
				A7AC73313E8969F4B171036D,
				F6683D754B225F1A1F6A3F54,
			);
			name = "JUCE Library Code";
			sourceTree = "<group>";
		};
/* End PBXGroup section */

/* Begin PBXNativeTarget section */
		3207A0092C3B65996A1DA1AA /* Chuginator - VST3 */ = {
			isa = PBXNativeTarget;
			buildConfigurationList = 46C40CE014D1C004357F1D1F;
			buildPhases = (
				84CEB1E1BCC879D85ED51214,
				5DA2A0441B6B3B27C75370F1,
				FCA42608ED0E44073077BA9B,
			);
			buildRules = (
			);
			dependencies = (
				5DD0E7A45BC4AEDAFE4A603D,
			);
			name = "Chuginator - VST3";
			productName = Chuginator;
			productReference = 55639808300DA87D31F1BAAC;
			productType = "com.apple.product-type.bundle";
		};
		383FE2F4E2A9AC9B0B9D412A /* Chuginator - Standalone Plugin */ = {
			isa = PBXNativeTarget;
			buildConfigurationList = 57044D8245DBCC5A5FD23476;
			buildPhases = (
				221029DBA2EA3769D2061A77,
				9D70A6A8F59751D552C4570A,
				81AC45676E6920022BBAD640,
			);
			buildRules = (
			);
			dependencies = (
				90357468222F10C4E30924BD,
			);
			name = "Chuginator - Standalone Plugin";
			productName = Chuginator;
			productReference = 4DF4A13D248C3ACDE35C2597;
			productType = "com.apple.product-type.application";
		};
		3FC12C871896D6F9F90C82D2 /* Chuginator - Shared Code */ = {
			isa = PBXNativeTarget;
			buildConfigurationList = 40D93B05E8FF08D4B2A347AE;
			buildPhases = (
				DBFDB6F50BF59D321A424146,
			);
			buildRules = (
			);
			dependencies = (
			);
			name = "Chuginator - Shared Code";
			productName = Chuginator;
			productReference = 593D7E3FD0173C8FA2A52B1A;
			productType = "com.apple.product-type.library.static";
		};
		CDC734392B91AEA1ED836DC2 /* Chuginator - AU */ = {
			isa = PBXNativeTarget;
			buildConfigurationList = 24EC2DCE7085A1576E968F4E;
			buildPhases = (
				59419F1225D881C0BB6C1DDD,
				D570BECA8A6C35E42DA647D7,
				0042A480D84A90A2EB7BB197,
			);
			buildRules = (
			);
			dependencies = (
				5BB200E5C3408956A93CA4CE,
			);
			name = "Chuginator - AU";
			productName = Chuginator;
			productReference = A0CF5B0075A70969D0F49D07;
			productType = "com.apple.product-type.bundle";
		};
/* End PBXNativeTarget section */

/* Begin PBXProject section */
		AB87E3DCC95A5A412A43E78C = {
			isa = PBXProject;
			attributes = {
				LastUpgradeCheck = 1340;
				ORGANIZATIONNAME = "Black Martini";
				TargetAttributes = {
					3207A0092C3B65996A1DA1AA = {
						SystemCapabilities = {
							com.apple.ApplicationGroups.iOS = {
								enabled = 0;
							};
							com.apple.HardenedRuntime = {
								enabled = 0;
							};
							com.apple.InAppPurchase = {
								enabled = 0;
							};
							com.apple.InterAppAudio = {
								enabled = 0;
							};
							com.apple.Push = {
								enabled = 0;
							};
							com.apple.Sandbox = {
								enabled = 0;
							};
						};
					};
					383FE2F4E2A9AC9B0B9D412A = {
						SystemCapabilities = {
							com.apple.ApplicationGroups.iOS = {
								enabled = 0;
							};
							com.apple.HardenedRuntime = {
								enabled = 0;
							};
							com.apple.InAppPurchase = {
								enabled = 0;
							};
							com.apple.InterAppAudio = {
								enabled = 0;
							};
							com.apple.Push = {
								enabled = 0;
							};
							com.apple.Sandbox = {
								enabled = 0;
							};
						};
					};
					3FC12C871896D6F9F90C82D2 = {
						SystemCapabilities = {
							com.apple.ApplicationGroups.iOS = {
								enabled = 0;
							};
							com.apple.HardenedRuntime = {
								enabled = 0;
							};
							com.apple.InAppPurchase = {
								enabled = 0;
							};
							com.apple.InterAppAudio = {
								enabled = 0;
							};
							com.apple.Push = {
								enabled = 0;
							};
							com.apple.Sandbox = {
								enabled = 0;
							};
						};
					};
					B8DE11923ABA49CF4EB1A8EB = {
						SystemCapabilities = {
							com.apple.ApplicationGroups.iOS = {
								enabled = 0;
							};
							com.apple.HardenedRuntime = {
								enabled = 0;
							};
							com.apple.InAppPurchase = {
								enabled = 0;
							};
							com.apple.InterAppAudio = {
								enabled = 0;
							};
							com.apple.Push = {
								enabled = 0;
							};
							com.apple.Sandbox = {
								enabled = 0;
							};
						};
					};
					CDC734392B91AEA1ED836DC2 = {
						SystemCapabilities = {
							com.apple.ApplicationGroups.iOS = {
								enabled = 0;
							};
							com.apple.HardenedRuntime = {
								enabled = 0;
							};
							com.apple.InAppPurchase = {
								enabled = 0;
							};
							com.apple.InterAppAudio = {
								enabled = 0;
							};
							com.apple.Push = {
								enabled = 0;
							};
							com.apple.Sandbox = {
								enabled = 0;
							};
						};
					};
				};
			};
			buildConfigurationList = DFBAC68C9959DE3A28EF5568;
			compatibilityVersion = "Xcode 3.2";
			hasScannedForEncodings = 0;
			knownRegions = (
				en,
				Base,
			);
			mainGroup = 5668A50F597E68BCC0A8472A;
			projectDirPath = "";
			projectRoot = "";
			targets = (
				B8DE11923ABA49CF4EB1A8EB,
				3207A0092C3B65996A1DA1AA,
				CDC734392B91AEA1ED836DC2,
				383FE2F4E2A9AC9B0B9D412A,
				3FC12C871896D6F9F90C82D2,
			);
		};
/* End PBXProject section */

/* Begin PBXResourcesBuildPhase section */
		221029DBA2EA3769D2061A77 = {
			isa = PBXResourcesBuildPhase;
			buildActionMask = 2147483647;
			files = (
				1867FFEC8259FC83EA0B034E,
			);
			runOnlyForDeploymentPostprocessing = 0;
		};
		59419F1225D881C0BB6C1DDD = {
			isa = PBXResourcesBuildPhase;
			buildActionMask = 2147483647;
			files = (
				1867FFEC8259FC83EA0B034E,
			);
			runOnlyForDeploymentPostprocessing = 0;
		};
		84CEB1E1BCC879D85ED51214 = {
			isa = PBXResourcesBuildPhase;
			buildActionMask = 2147483647;
			files = (
				1867FFEC8259FC83EA0B034E,
			);
			runOnlyForDeploymentPostprocessing = 0;
		};
/* End PBXResourcesBuildPhase section */

/* Begin PBXSourcesBuildPhase section */
		5DA2A0441B6B3B27C75370F1 = {
			isa = PBXSourcesBuildPhase;
			buildActionMask = 2147483647;
			files = (
				C3B4308AFB9DFC65958C1633,
			);
			runOnlyForDeploymentPostprocessing = 0;
		};
		9D70A6A8F59751D552C4570A = {
			isa = PBXSourcesBuildPhase;
			buildActionMask = 2147483647;
			files = (
				675599596733C521060E7884,
			);
			runOnlyForDeploymentPostprocessing = 0;
		};
		D570BECA8A6C35E42DA647D7 = {
			isa = PBXSourcesBuildPhase;
			buildActionMask = 2147483647;
			files = (
				6D394FD1D97DEE8311B674DC,
				D8040215967A6BE79044E55A,
			);
			runOnlyForDeploymentPostprocessing = 0;
		};
		DBFDB6F50BF59D321A424146 = {
			isa = PBXSourcesBuildPhase;
			buildActionMask = 2147483647;
			files = (
				C4DE85F359D1D0FFF0E047FE,
				C6BCB984C5741AA089E71747,
				1A85E99EFB66C782B7E478E2,
				2DC78630DB4F1E03C99A5C38,
				5EC72B573106C2B27CDB3CF6,
				E1687379F147DA4E453CE2AE,
				625B4D95406CF08B394A4FF6,
				3B3B416A4D6F05E7E595AA6E,
				AD6BCA287DD54BF0D3BCADB2,
				F57BFFF473ADA8E2458C2496,
				27BA7459EABD52BB8E121102,
				11C8FC9179DEDE14E4D4F806,
				85794009DC5017A21E59C8F0,
				22377D7E5C5A89CD6ADBE315,
				7104E11AE57CA037AC445B3D,
				D6A4DB642777AF0FB7F3170B,
				CA5E9358D33A408F894131D9,
				0B6B50F45C2DAE1CC87DBDC6,
				6F78B0D23E3FFDF898E8E3AA,
				836E888E316A96CE6F849E33,
				8E3A70A29F5D851E9AE02DE0,
				D08D43C0368AC81145A6C148,
				A91B464BC8E606B953D23B69,
				C1BBF678CDE0A14181FDB7EC,
				231CC8188CEBFE5584F1EF81,
				B6B9F165A50333D4948B144A,
				4A006F0D8515062B3CB8C856,
				25AA42C60FE36D1E73F5079F,
			);
			runOnlyForDeploymentPostprocessing = 0;
		};
/* End PBXSourcesBuildPhase section */

/* Begin PBXTargetDependency section */
		46652F5C38A718839D0D19C4 = {
			isa = PBXTargetDependency;
			target = 383FE2F4E2A9AC9B0B9D412A;
		};
		4D5B05BE1609BA965AD65982 = {
			isa = PBXTargetDependency;
			target = 3207A0092C3B65996A1DA1AA;
		};
		5BB200E5C3408956A93CA4CE = {
			isa = PBXTargetDependency;
			target = 3FC12C871896D6F9F90C82D2;
		};
		5DD0E7A45BC4AEDAFE4A603D = {
			isa = PBXTargetDependency;
			target = 3FC12C871896D6F9F90C82D2;
		};
		7868986366C4C2645C061521 = {
			isa = PBXTargetDependency;
			target = 3FC12C871896D6F9F90C82D2;
		};
		90357468222F10C4E30924BD = {
			isa = PBXTargetDependency;
			target = 3FC12C871896D6F9F90C82D2;
		};
		B3BCA2B0826288CFE3D85D04 = {
			isa = PBXTargetDependency;
			target = CDC734392B91AEA1ED836DC2;
		};
/* End PBXTargetDependency section */

/* Begin XCBuildConfiguration section */
		186F591D560E3E039CA1FD2E /* Release */ = {
			isa = XCBuildConfiguration;
			buildSettings = {
				MACOSX_DEPLOYMENT_TARGET = 10.13;
				SDKROOT = macosx;
			};
			name = Release;
		};
		1A9A2CC923366E112350A659 /* Debug */ = {
			isa = XCBuildConfiguration;
			buildSettings = {
				CLANG_CXX_LANGUAGE_STANDARD = "c++17";
				CLANG_CXX_LIBRARY = "libc++";
				CLANG_LINK_OBJC_RUNTIME = NO;
				COMBINE_HIDPI_IMAGES = YES;
				CONFIGURATION_BUILD_DIR = "$(PROJECT_DIR)/build/$(CONFIGURATION)";
				COPY_PHASE_STRIP = NO;
				DEPLOYMENT_LOCATION = YES;
				DSTROOT = /;
				EXCLUDED_ARCHS = "";
				GCC_DYNAMIC_NO_PIC = NO;
				GCC_OPTIMIZATION_LEVEL = 0;
				GCC_PREPROCESSOR_DEFINITIONS = (
					"_DEBUG=1",
					"DEBUG=1",
					"JUCE_DISPLAY_SPLASH_SCREEN=1",
					"JUCE_USE_DARK_SPLASH_SCREEN=1",
					"JUCE_PROJUCER_VERSION=0x70005",
					"JUCE_MODULE_AVAILABLE_juce_audio_basics=1",
					"JUCE_MODULE_AVAILABLE_juce_audio_devices=1",
					"JUCE_MODULE_AVAILABLE_juce_audio_formats=1",
					"JUCE_MODULE_AVAILABLE_juce_audio_plugin_client=1",
					"JUCE_MODULE_AVAILABLE_juce_audio_processors=1",
					"JUCE_MODULE_AVAILABLE_juce_audio_utils=1",
					"JUCE_MODULE_AVAILABLE_juce_core=1",
					"JUCE_MODULE_AVAILABLE_juce_data_structures=1",
					"JUCE_MODULE_AVAILABLE_juce_dsp=1",
					"JUCE_MODULE_AVAILABLE_juce_events=1",
					"JUCE_MODULE_AVAILABLE_juce_graphics=1",
					"JUCE_MODULE_AVAILABLE_juce_gui_basics=1",
					"JUCE_MODULE_AVAILABLE_juce_gui_extra=1",
					"JUCE_GLOBAL_MODULE_SETTINGS_INCLUDED=1",
					"JUCE_VST3_CAN_REPLACE_VST2=0",
					"JUCE_STRICT_REFCOUNTEDPOINTER=1",
					"JucePlugin_Build_VST=0",
					"JucePlugin_Build_VST3=0",
					"JucePlugin_Build_AU=1",
					"JucePlugin_Build_AUv3=0",
					"JucePlugin_Build_AAX=0",
					"JucePlugin_Build_Standalone=0",
					"JucePlugin_Build_Unity=0",
					"JucePlugin_Build_LV2=0",
					"JucePlugin_Enable_IAA=0",
					"JucePlugin_Enable_ARA=0",
					"JucePlugin_Name=\\\"Chuginator\\\"",
					"JucePlugin_Desc=\\\"Chuginator\\\"",
					"JucePlugin_Manufacturer=\\\"Black\\ Martini\\\"",
					"JucePlugin_ManufacturerWebsite=\\\"www.BlackMartini.com\\\"",
					"JucePlugin_ManufacturerEmail=\\\"\\\"",
					"JucePlugin_ManufacturerCode=0x4d616e75",
					"JucePlugin_PluginCode=0x4e326737",
					"JucePlugin_IsSynth=0",
					"JucePlugin_WantsMidiInput=0",
					"JucePlugin_ProducesMidiOutput=0",
					"JucePlugin_IsMidiEffect=0",
					"JucePlugin_EditorRequiresKeyboardFocus=0",
					"JucePlugin_Version=1.0.0",
					"JucePlugin_VersionCode=0x10000",
					"JucePlugin_VersionString=\\\"1.0.0\\\"",
					"JucePlugin_VSTUniqueID=JucePlugin_PluginCode",
					"JucePlugin_VSTCategory=kPlugCategEffect",
					"JucePlugin_Vst3Category=\\\"Fx\\\"",
					"JucePlugin_AUMainType=\\'aufx\\'",
					"JucePlugin_AUSubType=JucePlugin_PluginCode",
					"JucePlugin_AUExportPrefix=ChuginatorAU",
					"JucePlugin_AUExportPrefixQuoted=\\\"ChuginatorAU\\\"",
					"JucePlugin_AUManufacturerCode=JucePlugin_ManufacturerCode",
					"JucePlugin_CFBundleIdentifier=com.BlackMartini.Chuginator",
					"JucePlugin_AAXIdentifier=com.BlackMartini.Chuginator",
					"JucePlugin_AAXManufacturerCode=JucePlugin_ManufacturerCode",
					"JucePlugin_AAXProductId=JucePlugin_PluginCode",
					"JucePlugin_AAXCategory=0",
					"JucePlugin_AAXDisableBypass=0",
					"JucePlugin_AAXDisableMultiMono=0",
					"JucePlugin_IAAType=0x61757278",
					"JucePlugin_IAASubType=JucePlugin_PluginCode",
					"JucePlugin_IAAName=\\\"Black\\ Martini:\\ Chuginator\\\"",
					"JucePlugin_VSTNumMidiInputs=16",
					"JucePlugin_VSTNumMidiOutputs=16",
					"JucePlugin_ARAContentTypes=0",
					"JucePlugin_ARATransformationFlags=0",
					"JucePlugin_ARAFactoryID=\\\"com.BlackMartini.Chuginator.factory\\\"",
					"JucePlugin_ARADocumentArchiveID=\\\"com.BlackMartini.Chuginator.aradocumentarchive.1.0.0\\\"",
					"JucePlugin_ARACompatibleArchiveIDs=\\\"\\\"",
					"JUCE_STANDALONE_APPLICATION=JucePlugin_Build_Standalone",
					"JUCER_XCODE_MAC_F6D2F4CF=1",
					"JUCE_APP_VERSION=1.0.0",
					"JUCE_APP_VERSION_HEX=0x10000",
				);
				GCC_VERSION = com.apple.compilers.llvm.clang.1_0;
				GENERATE_PKGINFO_FILE = YES;
				HEADER_SEARCH_PATHS = (
					"/Applications/JUCE/modules/juce_audio_processors/format_types/VST3_SDK",
					"$(SRCROOT)/../../JuceLibraryCode",
					"/Applications/JUCE/modules",
					"/Applications/JUCE/modules/juce_audio_plugin_client/AU",
					"$(inherited)",
				);
				INFOPLIST_FILE = Info-AU.plist;
				INFOPLIST_PREPROCESS = NO;
				INSTALL_PATH = "$(HOME)/Library/Audio/Plug-Ins/Components/";
				LIBRARY_STYLE = Bundle;
				MACOSX_DEPLOYMENT_TARGET = 10.13;
				MTL_HEADER_SEARCH_PATHS = "/Applications/JUCE/modules/juce_audio_processors/format_types/VST3_SDK $(SRCROOT)/../../JuceLibraryCode /Applications/JUCE/modules /Applications/JUCE/modules/juce_audio_plugin_client/AU";
				OTHER_LDFLAGS = "-bundle -lChuginator -weak_framework Metal -weak_framework MetalKit";
				OTHER_REZFLAGS = "-d ppc_$ppc -d i386_$i386 -d ppc64_$ppc64 -d x86_64_$x86_64 -d arm64_$arm64 -I /System/Library/Frameworks/CoreServices.framework/Frameworks/CarbonCore.framework/Versions/A/Headers -I \"$(DEVELOPER_DIR)/Extras/CoreAudio/AudioUnits/AUPublic/AUBase\" -I \"$(DEVELOPER_DIR)/Platforms/MacOSX.platform/Developer/SDKs/MacOSX.sdk/System/Library/Frameworks/AudioUnit.framework/Headers\"";
				PRODUCT_BUNDLE_IDENTIFIER = com.BlackMartini.Chuginator;
				PRODUCT_NAME = "Chuginator";
				USE_HEADERMAP = NO;
				VALID_ARCHS = "i386 x86_64 arm64 arm64e";
				WRAPPER_EXTENSION = component;
			};
			name = Debug;
		};
		1F1E5B6461F322DA4DBC5888 /* Release */ = {
			isa = XCBuildConfiguration;
			buildSettings = {
				CLANG_CXX_LANGUAGE_STANDARD = "c++17";
				CLANG_CXX_LIBRARY = "libc++";
				CLANG_LINK_OBJC_RUNTIME = NO;
				COMBINE_HIDPI_IMAGES = YES;
				CONFIGURATION_BUILD_DIR = "$(PROJECT_DIR)/build/$(CONFIGURATION)";
				DEAD_CODE_STRIPPING = YES;
				EXCLUDED_ARCHS = "";
				GCC_GENERATE_DEBUGGING_SYMBOLS = NO;
				GCC_OPTIMIZATION_LEVEL = 3;
				GCC_PREPROCESSOR_DEFINITIONS = (
					"_NDEBUG=1",
					"NDEBUG=1",
					"JUCE_DISPLAY_SPLASH_SCREEN=1",
					"JUCE_USE_DARK_SPLASH_SCREEN=1",
					"JUCE_PROJUCER_VERSION=0x70005",
					"JUCE_MODULE_AVAILABLE_juce_audio_basics=1",
					"JUCE_MODULE_AVAILABLE_juce_audio_devices=1",
					"JUCE_MODULE_AVAILABLE_juce_audio_formats=1",
					"JUCE_MODULE_AVAILABLE_juce_audio_plugin_client=1",
					"JUCE_MODULE_AVAILABLE_juce_audio_processors=1",
					"JUCE_MODULE_AVAILABLE_juce_audio_utils=1",
					"JUCE_MODULE_AVAILABLE_juce_core=1",
					"JUCE_MODULE_AVAILABLE_juce_data_structures=1",
					"JUCE_MODULE_AVAILABLE_juce_dsp=1",
					"JUCE_MODULE_AVAILABLE_juce_events=1",
					"JUCE_MODULE_AVAILABLE_juce_graphics=1",
					"JUCE_MODULE_AVAILABLE_juce_gui_basics=1",
					"JUCE_MODULE_AVAILABLE_juce_gui_extra=1",
					"JUCE_GLOBAL_MODULE_SETTINGS_INCLUDED=1",
					"JUCE_VST3_CAN_REPLACE_VST2=0",
					"JUCE_STRICT_REFCOUNTEDPOINTER=1",
					"JucePlugin_Build_VST=0",
					"JucePlugin_Build_VST3=1",
					"JucePlugin_Build_AU=1",
					"JucePlugin_Build_AUv3=0",
					"JucePlugin_Build_AAX=0",
					"JucePlugin_Build_Standalone=1",
					"JucePlugin_Build_Unity=0",
					"JucePlugin_Build_LV2=0",
					"JucePlugin_Enable_IAA=0",
					"JucePlugin_Enable_ARA=0",
					"JucePlugin_Name=\\\"Chuginator\\\"",
					"JucePlugin_Desc=\\\"Chuginator\\\"",
					"JucePlugin_Manufacturer=\\\"Black\\ Martini\\\"",
					"JucePlugin_ManufacturerWebsite=\\\"www.BlackMartini.com\\\"",
					"JucePlugin_ManufacturerEmail=\\\"\\\"",
					"JucePlugin_ManufacturerCode=0x4d616e75",
					"JucePlugin_PluginCode=0x4e326737",
					"JucePlugin_IsSynth=0",
					"JucePlugin_WantsMidiInput=0",
					"JucePlugin_ProducesMidiOutput=0",
					"JucePlugin_IsMidiEffect=0",
					"JucePlugin_EditorRequiresKeyboardFocus=0",
					"JucePlugin_Version=1.0.0",
					"JucePlugin_VersionCode=0x10000",
					"JucePlugin_VersionString=\\\"1.0.0\\\"",
					"JucePlugin_VSTUniqueID=JucePlugin_PluginCode",
					"JucePlugin_VSTCategory=kPlugCategEffect",
					"JucePlugin_Vst3Category=\\\"Fx\\\"",
					"JucePlugin_AUMainType=\\'aufx\\'",
					"JucePlugin_AUSubType=JucePlugin_PluginCode",
					"JucePlugin_AUExportPrefix=ChuginatorAU",
					"JucePlugin_AUExportPrefixQuoted=\\\"ChuginatorAU\\\"",
					"JucePlugin_AUManufacturerCode=JucePlugin_ManufacturerCode",
					"JucePlugin_CFBundleIdentifier=com.BlackMartini.Chuginator",
					"JucePlugin_AAXIdentifier=com.BlackMartini.Chuginator",
					"JucePlugin_AAXManufacturerCode=JucePlugin_ManufacturerCode",
					"JucePlugin_AAXProductId=JucePlugin_PluginCode",
					"JucePlugin_AAXCategory=0",
					"JucePlugin_AAXDisableBypass=0",
					"JucePlugin_AAXDisableMultiMono=0",
					"JucePlugin_IAAType=0x61757278",
					"JucePlugin_IAASubType=JucePlugin_PluginCode",
					"JucePlugin_IAAName=\\\"Black\\ Martini:\\ Chuginator\\\"",
					"JucePlugin_VSTNumMidiInputs=16",
					"JucePlugin_VSTNumMidiOutputs=16",
					"JucePlugin_ARAContentTypes=0",
					"JucePlugin_ARATransformationFlags=0",
					"JucePlugin_ARAFactoryID=\\\"com.BlackMartini.Chuginator.factory\\\"",
					"JucePlugin_ARADocumentArchiveID=\\\"com.BlackMartini.Chuginator.aradocumentarchive.1.0.0\\\"",
					"JucePlugin_ARACompatibleArchiveIDs=\\\"\\\"",
					"JUCE_STANDALONE_APPLICATION=JucePlugin_Build_Standalone",
					"JUCER_XCODE_MAC_F6D2F4CF=1",
					"JUCE_APP_VERSION=1.0.0",
					"JUCE_APP_VERSION_HEX=0x10000",
					"JUCE_SHARED_CODE=1",
				);
				GCC_VERSION = com.apple.compilers.llvm.clang.1_0;
				HEADER_SEARCH_PATHS = (
					"/Applications/JUCE/modules/juce_audio_processors/format_types/VST3_SDK",
					"$(SRCROOT)/../../JuceLibraryCode",
					"/Applications/JUCE/modules",
					"/Applications/JUCE/modules/juce_audio_plugin_client/AU",
					"$(inherited)",
				);
				INSTALL_PATH = "@executable_path/../Frameworks";
				LLVM_LTO = YES;
				MACOSX_DEPLOYMENT_TARGET = 10.13;
				MTL_HEADER_SEARCH_PATHS = "/Applications/JUCE/modules/juce_audio_processors/format_types/VST3_SDK $(SRCROOT)/../../JuceLibraryCode /Applications/JUCE/modules /Applications/JUCE/modules/juce_audio_plugin_client/AU";
				OTHER_LDFLAGS = "-weak_framework Metal -weak_framework MetalKit";
				PRODUCT_BUNDLE_IDENTIFIER = com.BlackMartini.Chuginator;
				PRODUCT_NAME = "Chuginator";
				SKIP_INSTALL = YES;
				USE_HEADERMAP = NO;
				VALID_ARCHS = "i386 x86_64 arm64 arm64e";
			};
			name = Release;
		};
		28FBDFA0506B2302ED334B32 /* Debug */ = {
			isa = XCBuildConfiguration;
			buildSettings = {
				CLANG_CXX_LANGUAGE_STANDARD = "c++17";
				CLANG_CXX_LIBRARY = "libc++";
				CLANG_LINK_OBJC_RUNTIME = NO;
				COMBINE_HIDPI_IMAGES = YES;
				CONFIGURATION_BUILD_DIR = "$(PROJECT_DIR)/build/$(CONFIGURATION)";
				COPY_PHASE_STRIP = NO;
				DEPLOYMENT_LOCATION = YES;
				DSTROOT = /;
				EXCLUDED_ARCHS = "";
				GCC_DYNAMIC_NO_PIC = NO;
				GCC_OPTIMIZATION_LEVEL = 0;
				GCC_PREPROCESSOR_DEFINITIONS = (
					"_DEBUG=1",
					"DEBUG=1",
					"JUCE_DISPLAY_SPLASH_SCREEN=1",
					"JUCE_USE_DARK_SPLASH_SCREEN=1",
					"JUCE_PROJUCER_VERSION=0x70005",
					"JUCE_MODULE_AVAILABLE_juce_audio_basics=1",
					"JUCE_MODULE_AVAILABLE_juce_audio_devices=1",
					"JUCE_MODULE_AVAILABLE_juce_audio_formats=1",
					"JUCE_MODULE_AVAILABLE_juce_audio_plugin_client=1",
					"JUCE_MODULE_AVAILABLE_juce_audio_processors=1",
					"JUCE_MODULE_AVAILABLE_juce_audio_utils=1",
					"JUCE_MODULE_AVAILABLE_juce_core=1",
					"JUCE_MODULE_AVAILABLE_juce_data_structures=1",
					"JUCE_MODULE_AVAILABLE_juce_dsp=1",
					"JUCE_MODULE_AVAILABLE_juce_events=1",
					"JUCE_MODULE_AVAILABLE_juce_graphics=1",
					"JUCE_MODULE_AVAILABLE_juce_gui_basics=1",
					"JUCE_MODULE_AVAILABLE_juce_gui_extra=1",
					"JUCE_GLOBAL_MODULE_SETTINGS_INCLUDED=1",
					"JUCE_VST3_CAN_REPLACE_VST2=0",
					"JUCE_STRICT_REFCOUNTEDPOINTER=1",
					"JucePlugin_Build_VST=0",
					"JucePlugin_Build_VST3=1",
					"JucePlugin_Build_AU=0",
					"JucePlugin_Build_AUv3=0",
					"JucePlugin_Build_AAX=0",
					"JucePlugin_Build_Standalone=0",
					"JucePlugin_Build_Unity=0",
					"JucePlugin_Build_LV2=0",
					"JucePlugin_Enable_IAA=0",
					"JucePlugin_Enable_ARA=0",
					"JucePlugin_Name=\\\"Chuginator\\\"",
					"JucePlugin_Desc=\\\"Chuginator\\\"",
					"JucePlugin_Manufacturer=\\\"Black\\ Martini\\\"",
					"JucePlugin_ManufacturerWebsite=\\\"www.BlackMartini.com\\\"",
					"JucePlugin_ManufacturerEmail=\\\"\\\"",
					"JucePlugin_ManufacturerCode=0x4d616e75",
					"JucePlugin_PluginCode=0x4e326737",
					"JucePlugin_IsSynth=0",
					"JucePlugin_WantsMidiInput=0",
					"JucePlugin_ProducesMidiOutput=0",
					"JucePlugin_IsMidiEffect=0",
					"JucePlugin_EditorRequiresKeyboardFocus=0",
					"JucePlugin_Version=1.0.0",
					"JucePlugin_VersionCode=0x10000",
					"JucePlugin_VersionString=\\\"1.0.0\\\"",
					"JucePlugin_VSTUniqueID=JucePlugin_PluginCode",
					"JucePlugin_VSTCategory=kPlugCategEffect",
					"JucePlugin_Vst3Category=\\\"Fx\\\"",
					"JucePlugin_AUMainType=\\'aufx\\'",
					"JucePlugin_AUSubType=JucePlugin_PluginCode",
					"JucePlugin_AUExportPrefix=ChuginatorAU",
					"JucePlugin_AUExportPrefixQuoted=\\\"ChuginatorAU\\\"",
					"JucePlugin_AUManufacturerCode=JucePlugin_ManufacturerCode",
					"JucePlugin_CFBundleIdentifier=com.BlackMartini.Chuginator",
					"JucePlugin_AAXIdentifier=com.BlackMartini.Chuginator",
					"JucePlugin_AAXManufacturerCode=JucePlugin_ManufacturerCode",
					"JucePlugin_AAXProductId=JucePlugin_PluginCode",
					"JucePlugin_AAXCategory=0",
					"JucePlugin_AAXDisableBypass=0",
					"JucePlugin_AAXDisableMultiMono=0",
					"JucePlugin_IAAType=0x61757278",
					"JucePlugin_IAASubType=JucePlugin_PluginCode",
					"JucePlugin_IAAName=\\\"Black\\ Martini:\\ Chuginator\\\"",
					"JucePlugin_VSTNumMidiInputs=16",
					"JucePlugin_VSTNumMidiOutputs=16",
					"JucePlugin_ARAContentTypes=0",
					"JucePlugin_ARATransformationFlags=0",
					"JucePlugin_ARAFactoryID=\\\"com.BlackMartini.Chuginator.factory\\\"",
					"JucePlugin_ARADocumentArchiveID=\\\"com.BlackMartini.Chuginator.aradocumentarchive.1.0.0\\\"",
					"JucePlugin_ARACompatibleArchiveIDs=\\\"\\\"",
					"JUCE_STANDALONE_APPLICATION=JucePlugin_Build_Standalone",
					"JUCER_XCODE_MAC_F6D2F4CF=1",
					"JUCE_APP_VERSION=1.0.0",
					"JUCE_APP_VERSION_HEX=0x10000",
				);
				GCC_VERSION = com.apple.compilers.llvm.clang.1_0;
				GENERATE_PKGINFO_FILE = YES;
				HEADER_SEARCH_PATHS = (
					"/Applications/JUCE/modules/juce_audio_processors/format_types/VST3_SDK",
					"$(SRCROOT)/../../JuceLibraryCode",
					"/Applications/JUCE/modules",
					"/Applications/JUCE/modules/juce_audio_plugin_client/AU",
					"$(inherited)",
				);
				INFOPLIST_FILE = Info-VST3.plist;
				INFOPLIST_PREPROCESS = NO;
				INSTALL_PATH = "$(HOME)/Library/Audio/Plug-Ins/VST3/";
				LIBRARY_STYLE = Bundle;
				MACOSX_DEPLOYMENT_TARGET = 10.13;
				MTL_HEADER_SEARCH_PATHS = "/Applications/JUCE/modules/juce_audio_processors/format_types/VST3_SDK $(SRCROOT)/../../JuceLibraryCode /Applications/JUCE/modules /Applications/JUCE/modules/juce_audio_plugin_client/AU";
				OTHER_LDFLAGS = "-bundle -lChuginator -weak_framework Metal -weak_framework MetalKit";
				PRODUCT_BUNDLE_IDENTIFIER = com.BlackMartini.Chuginator;
				PRODUCT_NAME = "Chuginator";
				USE_HEADERMAP = NO;
				VALID_ARCHS = "i386 x86_64 arm64 arm64e";
				WRAPPER_EXTENSION = vst3;
			};
			name = Debug;
		};
		35AADCACC07FF3090ABB106A /* Release */ = {
			isa = XCBuildConfiguration;
			buildSettings = {
				CLANG_CXX_LANGUAGE_STANDARD = "c++17";
				CLANG_CXX_LIBRARY = "libc++";
				CLANG_LINK_OBJC_RUNTIME = NO;
				COMBINE_HIDPI_IMAGES = YES;
				CONFIGURATION_BUILD_DIR = "$(PROJECT_DIR)/build/$(CONFIGURATION)";
				DEAD_CODE_STRIPPING = YES;
				DEPLOYMENT_LOCATION = YES;
				DSTROOT = /;
				EXCLUDED_ARCHS = "";
				GCC_GENERATE_DEBUGGING_SYMBOLS = NO;
				GCC_OPTIMIZATION_LEVEL = 3;
				GCC_PREPROCESSOR_DEFINITIONS = (
					"_NDEBUG=1",
					"NDEBUG=1",
					"JUCE_DISPLAY_SPLASH_SCREEN=1",
					"JUCE_USE_DARK_SPLASH_SCREEN=1",
					"JUCE_PROJUCER_VERSION=0x70005",
					"JUCE_MODULE_AVAILABLE_juce_audio_basics=1",
					"JUCE_MODULE_AVAILABLE_juce_audio_devices=1",
					"JUCE_MODULE_AVAILABLE_juce_audio_formats=1",
					"JUCE_MODULE_AVAILABLE_juce_audio_plugin_client=1",
					"JUCE_MODULE_AVAILABLE_juce_audio_processors=1",
					"JUCE_MODULE_AVAILABLE_juce_audio_utils=1",
					"JUCE_MODULE_AVAILABLE_juce_core=1",
					"JUCE_MODULE_AVAILABLE_juce_data_structures=1",
					"JUCE_MODULE_AVAILABLE_juce_dsp=1",
					"JUCE_MODULE_AVAILABLE_juce_events=1",
					"JUCE_MODULE_AVAILABLE_juce_graphics=1",
					"JUCE_MODULE_AVAILABLE_juce_gui_basics=1",
					"JUCE_MODULE_AVAILABLE_juce_gui_extra=1",
					"JUCE_GLOBAL_MODULE_SETTINGS_INCLUDED=1",
					"JUCE_VST3_CAN_REPLACE_VST2=0",
					"JUCE_STRICT_REFCOUNTEDPOINTER=1",
					"JucePlugin_Build_VST=0",
					"JucePlugin_Build_VST3=1",
					"JucePlugin_Build_AU=0",
					"JucePlugin_Build_AUv3=0",
					"JucePlugin_Build_AAX=0",
					"JucePlugin_Build_Standalone=0",
					"JucePlugin_Build_Unity=0",
					"JucePlugin_Build_LV2=0",
					"JucePlugin_Enable_IAA=0",
					"JucePlugin_Enable_ARA=0",
					"JucePlugin_Name=\\\"Chuginator\\\"",
					"JucePlugin_Desc=\\\"Chuginator\\\"",
					"JucePlugin_Manufacturer=\\\"Black\\ Martini\\\"",
					"JucePlugin_ManufacturerWebsite=\\\"www.BlackMartini.com\\\"",
					"JucePlugin_ManufacturerEmail=\\\"\\\"",
					"JucePlugin_ManufacturerCode=0x4d616e75",
					"JucePlugin_PluginCode=0x4e326737",
					"JucePlugin_IsSynth=0",
					"JucePlugin_WantsMidiInput=0",
					"JucePlugin_ProducesMidiOutput=0",
					"JucePlugin_IsMidiEffect=0",
					"JucePlugin_EditorRequiresKeyboardFocus=0",
					"JucePlugin_Version=1.0.0",
					"JucePlugin_VersionCode=0x10000",
					"JucePlugin_VersionString=\\\"1.0.0\\\"",
					"JucePlugin_VSTUniqueID=JucePlugin_PluginCode",
					"JucePlugin_VSTCategory=kPlugCategEffect",
					"JucePlugin_Vst3Category=\\\"Fx\\\"",
					"JucePlugin_AUMainType=\\'aufx\\'",
					"JucePlugin_AUSubType=JucePlugin_PluginCode",
					"JucePlugin_AUExportPrefix=ChuginatorAU",
					"JucePlugin_AUExportPrefixQuoted=\\\"ChuginatorAU\\\"",
					"JucePlugin_AUManufacturerCode=JucePlugin_ManufacturerCode",
					"JucePlugin_CFBundleIdentifier=com.BlackMartini.Chuginator",
					"JucePlugin_AAXIdentifier=com.BlackMartini.Chuginator",
					"JucePlugin_AAXManufacturerCode=JucePlugin_ManufacturerCode",
					"JucePlugin_AAXProductId=JucePlugin_PluginCode",
					"JucePlugin_AAXCategory=0",
					"JucePlugin_AAXDisableBypass=0",
					"JucePlugin_AAXDisableMultiMono=0",
					"JucePlugin_IAAType=0x61757278",
					"JucePlugin_IAASubType=JucePlugin_PluginCode",
					"JucePlugin_IAAName=\\\"Black\\ Martini:\\ Chuginator\\\"",
					"JucePlugin_VSTNumMidiInputs=16",
					"JucePlugin_VSTNumMidiOutputs=16",
					"JucePlugin_ARAContentTypes=0",
					"JucePlugin_ARATransformationFlags=0",
					"JucePlugin_ARAFactoryID=\\\"com.BlackMartini.Chuginator.factory\\\"",
					"JucePlugin_ARADocumentArchiveID=\\\"com.BlackMartini.Chuginator.aradocumentarchive.1.0.0\\\"",
					"JucePlugin_ARACompatibleArchiveIDs=\\\"\\\"",
					"JUCE_STANDALONE_APPLICATION=JucePlugin_Build_Standalone",
					"JUCER_XCODE_MAC_F6D2F4CF=1",
					"JUCE_APP_VERSION=1.0.0",
					"JUCE_APP_VERSION_HEX=0x10000",
				);
				GCC_VERSION = com.apple.compilers.llvm.clang.1_0;
				GENERATE_PKGINFO_FILE = YES;
				HEADER_SEARCH_PATHS = (
					"/Applications/JUCE/modules/juce_audio_processors/format_types/VST3_SDK",
					"$(SRCROOT)/../../JuceLibraryCode",
					"/Applications/JUCE/modules",
					"/Applications/JUCE/modules/juce_audio_plugin_client/AU",
					"$(inherited)",
				);
				INFOPLIST_FILE = Info-VST3.plist;
				INFOPLIST_PREPROCESS = NO;
				INSTALL_PATH = "$(HOME)/Library/Audio/Plug-Ins/VST3/";
				LIBRARY_STYLE = Bundle;
				LLVM_LTO = YES;
				MACOSX_DEPLOYMENT_TARGET = 10.13;
				MTL_HEADER_SEARCH_PATHS = "/Applications/JUCE/modules/juce_audio_processors/format_types/VST3_SDK $(SRCROOT)/../../JuceLibraryCode /Applications/JUCE/modules /Applications/JUCE/modules/juce_audio_plugin_client/AU";
				OTHER_LDFLAGS = "-bundle -lChuginator -weak_framework Metal -weak_framework MetalKit";
				PRODUCT_BUNDLE_IDENTIFIER = com.BlackMartini.Chuginator;
				PRODUCT_NAME = "Chuginator";
				USE_HEADERMAP = NO;
				VALID_ARCHS = "i386 x86_64 arm64 arm64e";
				WRAPPER_EXTENSION = vst3;
			};
			name = Release;
		};
		39F8ACF8DD8C242346ADA5C5 /* Debug */ = {
			isa = XCBuildConfiguration;
			buildSettings = {
				CLANG_CXX_LANGUAGE_STANDARD = "c++17";
				CLANG_CXX_LIBRARY = "libc++";
				CLANG_LINK_OBJC_RUNTIME = NO;
				COMBINE_HIDPI_IMAGES = YES;
				CONFIGURATION_BUILD_DIR = "$(PROJECT_DIR)/build/$(CONFIGURATION)";
				COPY_PHASE_STRIP = NO;
				EXCLUDED_ARCHS = "";
				GCC_DYNAMIC_NO_PIC = NO;
				GCC_OPTIMIZATION_LEVEL = 0;
				GCC_PREPROCESSOR_DEFINITIONS = (
					"_DEBUG=1",
					"DEBUG=1",
					"JUCE_DISPLAY_SPLASH_SCREEN=1",
					"JUCE_USE_DARK_SPLASH_SCREEN=1",
					"JUCE_PROJUCER_VERSION=0x70005",
					"JUCE_MODULE_AVAILABLE_juce_audio_basics=1",
					"JUCE_MODULE_AVAILABLE_juce_audio_devices=1",
					"JUCE_MODULE_AVAILABLE_juce_audio_formats=1",
					"JUCE_MODULE_AVAILABLE_juce_audio_plugin_client=1",
					"JUCE_MODULE_AVAILABLE_juce_audio_processors=1",
					"JUCE_MODULE_AVAILABLE_juce_audio_utils=1",
					"JUCE_MODULE_AVAILABLE_juce_core=1",
					"JUCE_MODULE_AVAILABLE_juce_data_structures=1",
					"JUCE_MODULE_AVAILABLE_juce_dsp=1",
					"JUCE_MODULE_AVAILABLE_juce_events=1",
					"JUCE_MODULE_AVAILABLE_juce_graphics=1",
					"JUCE_MODULE_AVAILABLE_juce_gui_basics=1",
					"JUCE_MODULE_AVAILABLE_juce_gui_extra=1",
					"JUCE_GLOBAL_MODULE_SETTINGS_INCLUDED=1",
					"JUCE_VST3_CAN_REPLACE_VST2=0",
					"JUCE_STRICT_REFCOUNTEDPOINTER=1",
					"JucePlugin_Build_VST=0",
					"JucePlugin_Build_VST3=0",
					"JucePlugin_Build_AU=0",
					"JucePlugin_Build_AUv3=0",
					"JucePlugin_Build_AAX=0",
					"JucePlugin_Build_Standalone=1",
					"JucePlugin_Build_Unity=0",
					"JucePlugin_Build_LV2=0",
					"JucePlugin_Enable_IAA=0",
					"JucePlugin_Enable_ARA=0",
					"JucePlugin_Name=\\\"Chuginator\\\"",
					"JucePlugin_Desc=\\\"Chuginator\\\"",
					"JucePlugin_Manufacturer=\\\"Black\\ Martini\\\"",
					"JucePlugin_ManufacturerWebsite=\\\"www.BlackMartini.com\\\"",
					"JucePlugin_ManufacturerEmail=\\\"\\\"",
					"JucePlugin_ManufacturerCode=0x4d616e75",
					"JucePlugin_PluginCode=0x4e326737",
					"JucePlugin_IsSynth=0",
					"JucePlugin_WantsMidiInput=0",
					"JucePlugin_ProducesMidiOutput=0",
					"JucePlugin_IsMidiEffect=0",
					"JucePlugin_EditorRequiresKeyboardFocus=0",
					"JucePlugin_Version=1.0.0",
					"JucePlugin_VersionCode=0x10000",
					"JucePlugin_VersionString=\\\"1.0.0\\\"",
					"JucePlugin_VSTUniqueID=JucePlugin_PluginCode",
					"JucePlugin_VSTCategory=kPlugCategEffect",
					"JucePlugin_Vst3Category=\\\"Fx\\\"",
					"JucePlugin_AUMainType=\\'aufx\\'",
					"JucePlugin_AUSubType=JucePlugin_PluginCode",
					"JucePlugin_AUExportPrefix=ChuginatorAU",
					"JucePlugin_AUExportPrefixQuoted=\\\"ChuginatorAU\\\"",
					"JucePlugin_AUManufacturerCode=JucePlugin_ManufacturerCode",
					"JucePlugin_CFBundleIdentifier=com.BlackMartini.Chuginator",
					"JucePlugin_AAXIdentifier=com.BlackMartini.Chuginator",
					"JucePlugin_AAXManufacturerCode=JucePlugin_ManufacturerCode",
					"JucePlugin_AAXProductId=JucePlugin_PluginCode",
					"JucePlugin_AAXCategory=0",
					"JucePlugin_AAXDisableBypass=0",
					"JucePlugin_AAXDisableMultiMono=0",
					"JucePlugin_IAAType=0x61757278",
					"JucePlugin_IAASubType=JucePlugin_PluginCode",
					"JucePlugin_IAAName=\\\"Black\\ Martini:\\ Chuginator\\\"",
					"JucePlugin_VSTNumMidiInputs=16",
					"JucePlugin_VSTNumMidiOutputs=16",
					"JucePlugin_ARAContentTypes=0",
					"JucePlugin_ARATransformationFlags=0",
					"JucePlugin_ARAFactoryID=\\\"com.BlackMartini.Chuginator.factory\\\"",
					"JucePlugin_ARADocumentArchiveID=\\\"com.BlackMartini.Chuginator.aradocumentarchive.1.0.0\\\"",
					"JucePlugin_ARACompatibleArchiveIDs=\\\"\\\"",
					"JUCE_STANDALONE_APPLICATION=JucePlugin_Build_Standalone",
					"JUCER_XCODE_MAC_F6D2F4CF=1",
					"JUCE_APP_VERSION=1.0.0",
					"JUCE_APP_VERSION_HEX=0x10000",
				);
				GCC_VERSION = com.apple.compilers.llvm.clang.1_0;
				HEADER_SEARCH_PATHS = (
					"/Applications/JUCE/modules/juce_audio_processors/format_types/VST3_SDK",
					"$(SRCROOT)/../../JuceLibraryCode",
					"/Applications/JUCE/modules",
					"/Applications/JUCE/modules/juce_audio_plugin_client/AU",
					"$(inherited)",
				);
				INFOPLIST_FILE = Info-Standalone_Plugin.plist;
				INFOPLIST_PREPROCESS = NO;
				MACOSX_DEPLOYMENT_TARGET = 10.13;
				MTL_HEADER_SEARCH_PATHS = "/Applications/JUCE/modules/juce_audio_processors/format_types/VST3_SDK $(SRCROOT)/../../JuceLibraryCode /Applications/JUCE/modules /Applications/JUCE/modules/juce_audio_plugin_client/AU";
				OTHER_LDFLAGS = "-lChuginator -weak_framework Metal -weak_framework MetalKit";
				PRODUCT_BUNDLE_IDENTIFIER = com.BlackMartini.Chuginator;
				PRODUCT_NAME = "Chuginator";
				USE_HEADERMAP = NO;
				VALID_ARCHS = "i386 x86_64 arm64 arm64e";
			};
			name = Debug;
		};
		6AE2FE0723B3795F74001FB6 /* Debug */ = {
			isa = XCBuildConfiguration;
			buildSettings = {
				CLANG_CXX_LANGUAGE_STANDARD = "c++17";
				CLANG_CXX_LIBRARY = "libc++";
				CLANG_LINK_OBJC_RUNTIME = NO;
				COMBINE_HIDPI_IMAGES = YES;
				CONFIGURATION_BUILD_DIR = "$(PROJECT_DIR)/build/$(CONFIGURATION)";
				COPY_PHASE_STRIP = NO;
				EXCLUDED_ARCHS = "";
				GCC_DYNAMIC_NO_PIC = NO;
				GCC_OPTIMIZATION_LEVEL = 0;
				GCC_PREPROCESSOR_DEFINITIONS = (
					"_DEBUG=1",
					"DEBUG=1",
					"JUCE_DISPLAY_SPLASH_SCREEN=1",
					"JUCE_USE_DARK_SPLASH_SCREEN=1",
					"JUCE_PROJUCER_VERSION=0x70005",
					"JUCE_MODULE_AVAILABLE_juce_audio_basics=1",
					"JUCE_MODULE_AVAILABLE_juce_audio_devices=1",
					"JUCE_MODULE_AVAILABLE_juce_audio_formats=1",
					"JUCE_MODULE_AVAILABLE_juce_audio_plugin_client=1",
					"JUCE_MODULE_AVAILABLE_juce_audio_processors=1",
					"JUCE_MODULE_AVAILABLE_juce_audio_utils=1",
					"JUCE_MODULE_AVAILABLE_juce_core=1",
					"JUCE_MODULE_AVAILABLE_juce_data_structures=1",
					"JUCE_MODULE_AVAILABLE_juce_dsp=1",
					"JUCE_MODULE_AVAILABLE_juce_events=1",
					"JUCE_MODULE_AVAILABLE_juce_graphics=1",
					"JUCE_MODULE_AVAILABLE_juce_gui_basics=1",
					"JUCE_MODULE_AVAILABLE_juce_gui_extra=1",
					"JUCE_GLOBAL_MODULE_SETTINGS_INCLUDED=1",
					"JUCE_VST3_CAN_REPLACE_VST2=0",
					"JUCE_STRICT_REFCOUNTEDPOINTER=1",
					"JucePlugin_Build_VST=0",
					"JucePlugin_Build_VST3=1",
					"JucePlugin_Build_AU=1",
					"JucePlugin_Build_AUv3=0",
					"JucePlugin_Build_AAX=0",
					"JucePlugin_Build_Standalone=1",
					"JucePlugin_Build_Unity=0",
					"JucePlugin_Build_LV2=0",
					"JucePlugin_Enable_IAA=0",
					"JucePlugin_Enable_ARA=0",
					"JucePlugin_Name=\\\"Chuginator\\\"",
					"JucePlugin_Desc=\\\"Chuginator\\\"",
					"JucePlugin_Manufacturer=\\\"Black\\ Martini\\\"",
					"JucePlugin_ManufacturerWebsite=\\\"www.BlackMartini.com\\\"",
					"JucePlugin_ManufacturerEmail=\\\"\\\"",
					"JucePlugin_ManufacturerCode=0x4d616e75",
					"JucePlugin_PluginCode=0x4e326737",
					"JucePlugin_IsSynth=0",
					"JucePlugin_WantsMidiInput=0",
					"JucePlugin_ProducesMidiOutput=0",
					"JucePlugin_IsMidiEffect=0",
					"JucePlugin_EditorRequiresKeyboardFocus=0",
					"JucePlugin_Version=1.0.0",
					"JucePlugin_VersionCode=0x10000",
					"JucePlugin_VersionString=\\\"1.0.0\\\"",
					"JucePlugin_VSTUniqueID=JucePlugin_PluginCode",
					"JucePlugin_VSTCategory=kPlugCategEffect",
					"JucePlugin_Vst3Category=\\\"Fx\\\"",
					"JucePlugin_AUMainType=\\'aufx\\'",
					"JucePlugin_AUSubType=JucePlugin_PluginCode",
					"JucePlugin_AUExportPrefix=ChuginatorAU",
					"JucePlugin_AUExportPrefixQuoted=\\\"ChuginatorAU\\\"",
					"JucePlugin_AUManufacturerCode=JucePlugin_ManufacturerCode",
					"JucePlugin_CFBundleIdentifier=com.BlackMartini.Chuginator",
					"JucePlugin_AAXIdentifier=com.BlackMartini.Chuginator",
					"JucePlugin_AAXManufacturerCode=JucePlugin_ManufacturerCode",
					"JucePlugin_AAXProductId=JucePlugin_PluginCode",
					"JucePlugin_AAXCategory=0",
					"JucePlugin_AAXDisableBypass=0",
					"JucePlugin_AAXDisableMultiMono=0",
					"JucePlugin_IAAType=0x61757278",
					"JucePlugin_IAASubType=JucePlugin_PluginCode",
					"JucePlugin_IAAName=\\\"Black\\ Martini:\\ Chuginator\\\"",
					"JucePlugin_VSTNumMidiInputs=16",
					"JucePlugin_VSTNumMidiOutputs=16",
					"JucePlugin_ARAContentTypes=0",
					"JucePlugin_ARATransformationFlags=0",
					"JucePlugin_ARAFactoryID=\\\"com.BlackMartini.Chuginator.factory\\\"",
					"JucePlugin_ARADocumentArchiveID=\\\"com.BlackMartini.Chuginator.aradocumentarchive.1.0.0\\\"",
					"JucePlugin_ARACompatibleArchiveIDs=\\\"\\\"",
					"JUCE_STANDALONE_APPLICATION=JucePlugin_Build_Standalone",
					"JUCER_XCODE_MAC_F6D2F4CF=1",
					"JUCE_APP_VERSION=1.0.0",
					"JUCE_APP_VERSION_HEX=0x10000",
					"JUCE_SHARED_CODE=1",
				);
				GCC_VERSION = com.apple.compilers.llvm.clang.1_0;
				HEADER_SEARCH_PATHS = (
					"/Applications/JUCE/modules/juce_audio_processors/format_types/VST3_SDK",
					"$(SRCROOT)/../../JuceLibraryCode",
					"/Applications/JUCE/modules",
					"/Applications/JUCE/modules/juce_audio_plugin_client/AU",
					"$(inherited)",
				);
				INSTALL_PATH = "@executable_path/../Frameworks";
				MACOSX_DEPLOYMENT_TARGET = 10.13;
				MTL_HEADER_SEARCH_PATHS = "/Applications/JUCE/modules/juce_audio_processors/format_types/VST3_SDK $(SRCROOT)/../../JuceLibraryCode /Applications/JUCE/modules /Applications/JUCE/modules/juce_audio_plugin_client/AU";
				OTHER_LDFLAGS = "-weak_framework Metal -weak_framework MetalKit";
				PRODUCT_BUNDLE_IDENTIFIER = com.BlackMartini.Chuginator;
				PRODUCT_NAME = "Chuginator";
				SKIP_INSTALL = YES;
				USE_HEADERMAP = NO;
				VALID_ARCHS = "i386 x86_64 arm64 arm64e";
			};
			name = Debug;
		};
		8FFCE7891F11A41C10A370DC /* Release */ = {
			isa = XCBuildConfiguration;
			buildSettings = {
				CLANG_CXX_LANGUAGE_STANDARD = "c++17";
				CLANG_CXX_LIBRARY = "libc++";
				CLANG_LINK_OBJC_RUNTIME = NO;
				COMBINE_HIDPI_IMAGES = YES;
				CONFIGURATION_BUILD_DIR = "$(PROJECT_DIR)/build/$(CONFIGURATION)";
				DEAD_CODE_STRIPPING = YES;
				DEPLOYMENT_LOCATION = YES;
				DSTROOT = /;
				EXCLUDED_ARCHS = "";
				GCC_GENERATE_DEBUGGING_SYMBOLS = NO;
				GCC_OPTIMIZATION_LEVEL = 3;
				GCC_PREPROCESSOR_DEFINITIONS = (
					"_NDEBUG=1",
					"NDEBUG=1",
					"JUCE_DISPLAY_SPLASH_SCREEN=1",
					"JUCE_USE_DARK_SPLASH_SCREEN=1",
					"JUCE_PROJUCER_VERSION=0x70005",
					"JUCE_MODULE_AVAILABLE_juce_audio_basics=1",
					"JUCE_MODULE_AVAILABLE_juce_audio_devices=1",
					"JUCE_MODULE_AVAILABLE_juce_audio_formats=1",
					"JUCE_MODULE_AVAILABLE_juce_audio_plugin_client=1",
					"JUCE_MODULE_AVAILABLE_juce_audio_processors=1",
					"JUCE_MODULE_AVAILABLE_juce_audio_utils=1",
					"JUCE_MODULE_AVAILABLE_juce_core=1",
					"JUCE_MODULE_AVAILABLE_juce_data_structures=1",
					"JUCE_MODULE_AVAILABLE_juce_dsp=1",
					"JUCE_MODULE_AVAILABLE_juce_events=1",
					"JUCE_MODULE_AVAILABLE_juce_graphics=1",
					"JUCE_MODULE_AVAILABLE_juce_gui_basics=1",
					"JUCE_MODULE_AVAILABLE_juce_gui_extra=1",
					"JUCE_GLOBAL_MODULE_SETTINGS_INCLUDED=1",
					"JUCE_VST3_CAN_REPLACE_VST2=0",
					"JUCE_STRICT_REFCOUNTEDPOINTER=1",
					"JucePlugin_Build_VST=0",
					"JucePlugin_Build_VST3=0",
					"JucePlugin_Build_AU=1",
					"JucePlugin_Build_AUv3=0",
					"JucePlugin_Build_AAX=0",
					"JucePlugin_Build_Standalone=0",
					"JucePlugin_Build_Unity=0",
					"JucePlugin_Build_LV2=0",
					"JucePlugin_Enable_IAA=0",
					"JucePlugin_Enable_ARA=0",
					"JucePlugin_Name=\\\"Chuginator\\\"",
					"JucePlugin_Desc=\\\"Chuginator\\\"",
					"JucePlugin_Manufacturer=\\\"Black\\ Martini\\\"",
					"JucePlugin_ManufacturerWebsite=\\\"www.BlackMartini.com\\\"",
					"JucePlugin_ManufacturerEmail=\\\"\\\"",
					"JucePlugin_ManufacturerCode=0x4d616e75",
					"JucePlugin_PluginCode=0x4e326737",
					"JucePlugin_IsSynth=0",
					"JucePlugin_WantsMidiInput=0",
					"JucePlugin_ProducesMidiOutput=0",
					"JucePlugin_IsMidiEffect=0",
					"JucePlugin_EditorRequiresKeyboardFocus=0",
					"JucePlugin_Version=1.0.0",
					"JucePlugin_VersionCode=0x10000",
					"JucePlugin_VersionString=\\\"1.0.0\\\"",
					"JucePlugin_VSTUniqueID=JucePlugin_PluginCode",
					"JucePlugin_VSTCategory=kPlugCategEffect",
					"JucePlugin_Vst3Category=\\\"Fx\\\"",
					"JucePlugin_AUMainType=\\'aufx\\'",
					"JucePlugin_AUSubType=JucePlugin_PluginCode",
					"JucePlugin_AUExportPrefix=ChuginatorAU",
					"JucePlugin_AUExportPrefixQuoted=\\\"ChuginatorAU\\\"",
					"JucePlugin_AUManufacturerCode=JucePlugin_ManufacturerCode",
					"JucePlugin_CFBundleIdentifier=com.BlackMartini.Chuginator",
					"JucePlugin_AAXIdentifier=com.BlackMartini.Chuginator",
					"JucePlugin_AAXManufacturerCode=JucePlugin_ManufacturerCode",
					"JucePlugin_AAXProductId=JucePlugin_PluginCode",
					"JucePlugin_AAXCategory=0",
					"JucePlugin_AAXDisableBypass=0",
					"JucePlugin_AAXDisableMultiMono=0",
					"JucePlugin_IAAType=0x61757278",
					"JucePlugin_IAASubType=JucePlugin_PluginCode",
					"JucePlugin_IAAName=\\\"Black\\ Martini:\\ Chuginator\\\"",
					"JucePlugin_VSTNumMidiInputs=16",
					"JucePlugin_VSTNumMidiOutputs=16",
					"JucePlugin_ARAContentTypes=0",
					"JucePlugin_ARATransformationFlags=0",
					"JucePlugin_ARAFactoryID=\\\"com.BlackMartini.Chuginator.factory\\\"",
					"JucePlugin_ARADocumentArchiveID=\\\"com.BlackMartini.Chuginator.aradocumentarchive.1.0.0\\\"",
					"JucePlugin_ARACompatibleArchiveIDs=\\\"\\\"",
					"JUCE_STANDALONE_APPLICATION=JucePlugin_Build_Standalone",
					"JUCER_XCODE_MAC_F6D2F4CF=1",
					"JUCE_APP_VERSION=1.0.0",
					"JUCE_APP_VERSION_HEX=0x10000",
				);
				GCC_VERSION = com.apple.compilers.llvm.clang.1_0;
				GENERATE_PKGINFO_FILE = YES;
				HEADER_SEARCH_PATHS = (
					"/Applications/JUCE/modules/juce_audio_processors/format_types/VST3_SDK",
					"$(SRCROOT)/../../JuceLibraryCode",
					"/Applications/JUCE/modules",
					"/Applications/JUCE/modules/juce_audio_plugin_client/AU",
					"$(inherited)",
				);
				INFOPLIST_FILE = Info-AU.plist;
				INFOPLIST_PREPROCESS = NO;
				INSTALL_PATH = "$(HOME)/Library/Audio/Plug-Ins/Components/";
				LIBRARY_STYLE = Bundle;
				LLVM_LTO = YES;
				MACOSX_DEPLOYMENT_TARGET = 10.13;
				MTL_HEADER_SEARCH_PATHS = "/Applications/JUCE/modules/juce_audio_processors/format_types/VST3_SDK $(SRCROOT)/../../JuceLibraryCode /Applications/JUCE/modules /Applications/JUCE/modules/juce_audio_plugin_client/AU";
				OTHER_LDFLAGS = "-bundle -lChuginator -weak_framework Metal -weak_framework MetalKit";
				OTHER_REZFLAGS = "-d ppc_$ppc -d i386_$i386 -d ppc64_$ppc64 -d x86_64_$x86_64 -d arm64_$arm64 -I /System/Library/Frameworks/CoreServices.framework/Frameworks/CarbonCore.framework/Versions/A/Headers -I \"$(DEVELOPER_DIR)/Extras/CoreAudio/AudioUnits/AUPublic/AUBase\" -I \"$(DEVELOPER_DIR)/Platforms/MacOSX.platform/Developer/SDKs/MacOSX.sdk/System/Library/Frameworks/AudioUnit.framework/Headers\"";
				PRODUCT_BUNDLE_IDENTIFIER = com.BlackMartini.Chuginator;
				PRODUCT_NAME = "Chuginator";
				USE_HEADERMAP = NO;
				VALID_ARCHS = "i386 x86_64 arm64 arm64e";
				WRAPPER_EXTENSION = component;
			};
			name = Release;
		};
		9281E066DBC57DAB1442FE34 /* Debug */ = {
			isa = XCBuildConfiguration;
			buildSettings = {
				MACOSX_DEPLOYMENT_TARGET = 10.13;
				SDKROOT = macosx;
			};
			name = Debug;
		};
		A8BF8C7E9B41D4581138D628 /* Debug */ = {
			isa = XCBuildConfiguration;
			buildSettings = {
				ALWAYS_SEARCH_USER_PATHS = NO;
				CLANG_ENABLE_OBJC_WEAK = YES;
				CLANG_WARN_BLOCK_CAPTURE_AUTORELEASING = YES;
				CLANG_WARN_BOOL_CONVERSION = YES;
				CLANG_WARN_COMMA = YES;
				CLANG_WARN_CONSTANT_CONVERSION = YES;
				CLANG_WARN_DEPRECATED_OBJC_IMPLEMENTATIONS = YES;
				CLANG_WARN_EMPTY_BODY = YES;
				CLANG_WARN_ENUM_CONVERSION = YES;
				CLANG_WARN_INFINITE_RECURSION = YES;
				CLANG_WARN_INT_CONVERSION = YES;
				CLANG_WARN_NON_LITERAL_NULL_CONVERSION = YES;
				CLANG_WARN_OBJC_IMPLICIT_RETAIN_SELF = YES;
				CLANG_WARN_OBJC_LITERAL_CONVERSION = YES;
				CLANG_WARN_RANGE_LOOP_ANALYSIS = YES;
				CLANG_WARN_STRICT_PROTOTYPES = YES;
				CLANG_WARN_SUSPICIOUS_MOVE = YES;
				CLANG_WARN_UNREACHABLE_CODE = YES;
				CLANG_WARN__DUPLICATE_METHOD_MATCH = YES;
				DEBUG_INFORMATION_FORMAT = dwarf;
				ENABLE_STRICT_OBJC_MSGSEND = YES;
				ENABLE_TESTABILITY = NO;
				GCC_C_LANGUAGE_STANDARD = c11;
				GCC_INLINES_ARE_PRIVATE_EXTERN = YES;
				GCC_MODEL_TUNING = G5;
				GCC_NO_COMMON_BLOCKS = YES;
				GCC_SYMBOLS_PRIVATE_EXTERN = YES;
				GCC_WARN_64_TO_32_BIT_CONVERSION = YES;
				GCC_WARN_ABOUT_RETURN_TYPE = YES;
				GCC_WARN_CHECK_SWITCH_STATEMENTS = YES;
				GCC_WARN_MISSING_PARENTHESES = YES;
				GCC_WARN_NON_VIRTUAL_DESTRUCTOR = YES;
				GCC_WARN_TYPECHECK_CALLS_TO_PRINTF = YES;
				GCC_WARN_UNDECLARED_SELECTOR = YES;
				GCC_WARN_UNINITIALIZED_AUTOS = YES;
				GCC_WARN_UNUSED_FUNCTION = YES;
				GCC_WARN_UNUSED_VARIABLE = YES;
				ONLY_ACTIVE_ARCH = YES;
				PRODUCT_NAME = "Chuginator";
				SDKROOT = macosx;
				WARNING_CFLAGS = "-Wreorder";
				ZERO_LINK = NO;
			};
			name = Debug;
		};
		AA468450AECA12FC0DE00823 /* Release */ = {
			isa = XCBuildConfiguration;
			buildSettings = {
				ALWAYS_SEARCH_USER_PATHS = NO;
				CLANG_ENABLE_OBJC_WEAK = YES;
				CLANG_WARN_BLOCK_CAPTURE_AUTORELEASING = YES;
				CLANG_WARN_BOOL_CONVERSION = YES;
				CLANG_WARN_COMMA = YES;
				CLANG_WARN_CONSTANT_CONVERSION = YES;
				CLANG_WARN_DEPRECATED_OBJC_IMPLEMENTATIONS = YES;
				CLANG_WARN_EMPTY_BODY = YES;
				CLANG_WARN_ENUM_CONVERSION = YES;
				CLANG_WARN_INFINITE_RECURSION = YES;
				CLANG_WARN_INT_CONVERSION = YES;
				CLANG_WARN_NON_LITERAL_NULL_CONVERSION = YES;
				CLANG_WARN_OBJC_IMPLICIT_RETAIN_SELF = YES;
				CLANG_WARN_OBJC_LITERAL_CONVERSION = YES;
				CLANG_WARN_RANGE_LOOP_ANALYSIS = YES;
				CLANG_WARN_STRICT_PROTOTYPES = YES;
				CLANG_WARN_SUSPICIOUS_MOVE = YES;
				CLANG_WARN_UNREACHABLE_CODE = YES;
				CLANG_WARN__DUPLICATE_METHOD_MATCH = YES;
				DEBUG_INFORMATION_FORMAT = dwarf;
				ENABLE_STRICT_OBJC_MSGSEND = YES;
				ENABLE_TESTABILITY = NO;
				GCC_C_LANGUAGE_STANDARD = c11;
				GCC_INLINES_ARE_PRIVATE_EXTERN = YES;
				GCC_MODEL_TUNING = G5;
				GCC_NO_COMMON_BLOCKS = YES;
				GCC_SYMBOLS_PRIVATE_EXTERN = YES;
				GCC_WARN_64_TO_32_BIT_CONVERSION = YES;
				GCC_WARN_ABOUT_RETURN_TYPE = YES;
				GCC_WARN_CHECK_SWITCH_STATEMENTS = YES;
				GCC_WARN_MISSING_PARENTHESES = YES;
				GCC_WARN_NON_VIRTUAL_DESTRUCTOR = YES;
				GCC_WARN_TYPECHECK_CALLS_TO_PRINTF = YES;
				GCC_WARN_UNDECLARED_SELECTOR = YES;
				GCC_WARN_UNINITIALIZED_AUTOS = YES;
				GCC_WARN_UNUSED_FUNCTION = YES;
				GCC_WARN_UNUSED_VARIABLE = YES;
				PRODUCT_NAME = "Chuginator";
				SDKROOT = macosx;
				WARNING_CFLAGS = "-Wreorder";
				ZERO_LINK = NO;
			};
			name = Release;
		};
		E79527BF0B300E04981BB30C /* Release */ = {
			isa = XCBuildConfiguration;
			buildSettings = {
				CLANG_CXX_LANGUAGE_STANDARD = "c++17";
				CLANG_CXX_LIBRARY = "libc++";
				CLANG_LINK_OBJC_RUNTIME = NO;
				COMBINE_HIDPI_IMAGES = YES;
				CONFIGURATION_BUILD_DIR = "$(PROJECT_DIR)/build/$(CONFIGURATION)";
				DEAD_CODE_STRIPPING = YES;
				EXCLUDED_ARCHS = "";
				GCC_GENERATE_DEBUGGING_SYMBOLS = NO;
				GCC_OPTIMIZATION_LEVEL = 3;
				GCC_PREPROCESSOR_DEFINITIONS = (
					"_NDEBUG=1",
					"NDEBUG=1",
					"JUCE_DISPLAY_SPLASH_SCREEN=1",
					"JUCE_USE_DARK_SPLASH_SCREEN=1",
					"JUCE_PROJUCER_VERSION=0x70005",
					"JUCE_MODULE_AVAILABLE_juce_audio_basics=1",
					"JUCE_MODULE_AVAILABLE_juce_audio_devices=1",
					"JUCE_MODULE_AVAILABLE_juce_audio_formats=1",
					"JUCE_MODULE_AVAILABLE_juce_audio_plugin_client=1",
					"JUCE_MODULE_AVAILABLE_juce_audio_processors=1",
					"JUCE_MODULE_AVAILABLE_juce_audio_utils=1",
					"JUCE_MODULE_AVAILABLE_juce_core=1",
					"JUCE_MODULE_AVAILABLE_juce_data_structures=1",
					"JUCE_MODULE_AVAILABLE_juce_dsp=1",
					"JUCE_MODULE_AVAILABLE_juce_events=1",
					"JUCE_MODULE_AVAILABLE_juce_graphics=1",
					"JUCE_MODULE_AVAILABLE_juce_gui_basics=1",
					"JUCE_MODULE_AVAILABLE_juce_gui_extra=1",
					"JUCE_GLOBAL_MODULE_SETTINGS_INCLUDED=1",
					"JUCE_VST3_CAN_REPLACE_VST2=0",
					"JUCE_STRICT_REFCOUNTEDPOINTER=1",
					"JucePlugin_Build_VST=0",
					"JucePlugin_Build_VST3=0",
					"JucePlugin_Build_AU=0",
					"JucePlugin_Build_AUv3=0",
					"JucePlugin_Build_AAX=0",
					"JucePlugin_Build_Standalone=1",
					"JucePlugin_Build_Unity=0",
					"JucePlugin_Build_LV2=0",
					"JucePlugin_Enable_IAA=0",
					"JucePlugin_Enable_ARA=0",
					"JucePlugin_Name=\\\"Chuginator\\\"",
					"JucePlugin_Desc=\\\"Chuginator\\\"",
					"JucePlugin_Manufacturer=\\\"Black\\ Martini\\\"",
					"JucePlugin_ManufacturerWebsite=\\\"www.BlackMartini.com\\\"",
					"JucePlugin_ManufacturerEmail=\\\"\\\"",
					"JucePlugin_ManufacturerCode=0x4d616e75",
					"JucePlugin_PluginCode=0x4e326737",
					"JucePlugin_IsSynth=0",
					"JucePlugin_WantsMidiInput=0",
					"JucePlugin_ProducesMidiOutput=0",
					"JucePlugin_IsMidiEffect=0",
					"JucePlugin_EditorRequiresKeyboardFocus=0",
					"JucePlugin_Version=1.0.0",
					"JucePlugin_VersionCode=0x10000",
					"JucePlugin_VersionString=\\\"1.0.0\\\"",
					"JucePlugin_VSTUniqueID=JucePlugin_PluginCode",
					"JucePlugin_VSTCategory=kPlugCategEffect",
					"JucePlugin_Vst3Category=\\\"Fx\\\"",
					"JucePlugin_AUMainType=\\'aufx\\'",
					"JucePlugin_AUSubType=JucePlugin_PluginCode",
					"JucePlugin_AUExportPrefix=ChuginatorAU",
					"JucePlugin_AUExportPrefixQuoted=\\\"ChuginatorAU\\\"",
					"JucePlugin_AUManufacturerCode=JucePlugin_ManufacturerCode",
					"JucePlugin_CFBundleIdentifier=com.BlackMartini.Chuginator",
					"JucePlugin_AAXIdentifier=com.BlackMartini.Chuginator",
					"JucePlugin_AAXManufacturerCode=JucePlugin_ManufacturerCode",
					"JucePlugin_AAXProductId=JucePlugin_PluginCode",
					"JucePlugin_AAXCategory=0",
					"JucePlugin_AAXDisableBypass=0",
					"JucePlugin_AAXDisableMultiMono=0",
					"JucePlugin_IAAType=0x61757278",
					"JucePlugin_IAASubType=JucePlugin_PluginCode",
					"JucePlugin_IAAName=\\\"Black\\ Martini:\\ Chuginator\\\"",
					"JucePlugin_VSTNumMidiInputs=16",
					"JucePlugin_VSTNumMidiOutputs=16",
					"JucePlugin_ARAContentTypes=0",
					"JucePlugin_ARATransformationFlags=0",
					"JucePlugin_ARAFactoryID=\\\"com.BlackMartini.Chuginator.factory\\\"",
					"JucePlugin_ARADocumentArchiveID=\\\"com.BlackMartini.Chuginator.aradocumentarchive.1.0.0\\\"",
					"JucePlugin_ARACompatibleArchiveIDs=\\\"\\\"",
					"JUCE_STANDALONE_APPLICATION=JucePlugin_Build_Standalone",
					"JUCER_XCODE_MAC_F6D2F4CF=1",
					"JUCE_APP_VERSION=1.0.0",
					"JUCE_APP_VERSION_HEX=0x10000",
				);
				GCC_VERSION = com.apple.compilers.llvm.clang.1_0;
				HEADER_SEARCH_PATHS = (
					"/Applications/JUCE/modules/juce_audio_processors/format_types/VST3_SDK",
					"$(SRCROOT)/../../JuceLibraryCode",
					"/Applications/JUCE/modules",
					"/Applications/JUCE/modules/juce_audio_plugin_client/AU",
					"$(inherited)",
				);
				INFOPLIST_FILE = Info-Standalone_Plugin.plist;
				INFOPLIST_PREPROCESS = NO;
				LLVM_LTO = YES;
				MACOSX_DEPLOYMENT_TARGET = 10.13;
				MTL_HEADER_SEARCH_PATHS = "/Applications/JUCE/modules/juce_audio_processors/format_types/VST3_SDK $(SRCROOT)/../../JuceLibraryCode /Applications/JUCE/modules /Applications/JUCE/modules/juce_audio_plugin_client/AU";
				OTHER_LDFLAGS = "-lChuginator -weak_framework Metal -weak_framework MetalKit";
				PRODUCT_BUNDLE_IDENTIFIER = com.BlackMartini.Chuginator;
				PRODUCT_NAME = "Chuginator";
				USE_HEADERMAP = NO;
				VALID_ARCHS = "i386 x86_64 arm64 arm64e";
			};
			name = Release;
		};
/* End XCBuildConfiguration section */

/* Begin XCConfigurationList section */
		24EC2DCE7085A1576E968F4E = {
			isa = XCConfigurationList;
			buildConfigurations = (
				1A9A2CC923366E112350A659,
				8FFCE7891F11A41C10A370DC,
			);
			defaultConfigurationIsVisible = 0;
			defaultConfigurationName = Debug;
		};
		40D93B05E8FF08D4B2A347AE = {
			isa = XCConfigurationList;
			buildConfigurations = (
				6AE2FE0723B3795F74001FB6,
				1F1E5B6461F322DA4DBC5888,
			);
			defaultConfigurationIsVisible = 0;
			defaultConfigurationName = Debug;
		};
		46C40CE014D1C004357F1D1F = {
			isa = XCConfigurationList;
			buildConfigurations = (
				28FBDFA0506B2302ED334B32,
				35AADCACC07FF3090ABB106A,
			);
			defaultConfigurationIsVisible = 0;
			defaultConfigurationName = Debug;
		};
		57044D8245DBCC5A5FD23476 = {
			isa = XCConfigurationList;
			buildConfigurations = (
				39F8ACF8DD8C242346ADA5C5,
				E79527BF0B300E04981BB30C,
			);
			defaultConfigurationIsVisible = 0;
			defaultConfigurationName = Debug;
		};
		5AC0D8FE8BEF2869111D79AA = {
			isa = XCConfigurationList;
			buildConfigurations = (
				9281E066DBC57DAB1442FE34,
				186F591D560E3E039CA1FD2E,
			);
			defaultConfigurationIsVisible = 0;
			defaultConfigurationName = Debug;
		};
		DFBAC68C9959DE3A28EF5568 = {
			isa = XCConfigurationList;
			buildConfigurations = (
				A8BF8C7E9B41D4581138D628,
				AA468450AECA12FC0DE00823,
			);
			defaultConfigurationIsVisible = 0;
			defaultConfigurationName = Debug;
		};
/* End XCConfigurationList section */
	};
	rootObject = AB87E3DCC95A5A412A43E78C /* Project object */;
}
